// !$*UTF8*$!
{
	archiveVersion = 1;
	classes = {
	};
	objectVersion = 50;
	objects = {

/* Begin PBXBuildFile section */
		E459BF15260F7DA900530A6B /* AppDelegate.swift in Sources */ = {isa = PBXBuildFile; fileRef = E459BF14260F7DA900530A6B /* AppDelegate.swift */; };
		E459BF17260F7DA900530A6B /* SceneDelegate.swift in Sources */ = {isa = PBXBuildFile; fileRef = E459BF16260F7DA900530A6B /* SceneDelegate.swift */; };
		E459BF19260F7DA900530A6B /* AddStoryPromptViewController.swift in Sources */ = {isa = PBXBuildFile; fileRef = E459BF18260F7DA900530A6B /* AddStoryPromptViewController.swift */; };
		E459BF1C260F7DA900530A6B /* Main.storyboard in Resources */ = {isa = PBXBuildFile; fileRef = E459BF1A260F7DA900530A6B /* Main.storyboard */; };
		E459BF1E260F7DAC00530A6B /* Assets.xcassets in Resources */ = {isa = PBXBuildFile; fileRef = E459BF1D260F7DAC00530A6B /* Assets.xcassets */; };
		E459BF21260F7DAC00530A6B /* LaunchScreen.storyboard in Resources */ = {isa = PBXBuildFile; fileRef = E459BF1F260F7DAC00530A6B /* LaunchScreen.storyboard */; };
		E459BF2C261043FD00530A6B /* StoryPrompts.swift in Sources */ = {isa = PBXBuildFile; fileRef = E459BF2A261043FD00530A6B /* StoryPrompts.swift */; };
		E459BF2D261043FD00530A6B /* StoryPromptEntry.swift in Sources */ = {isa = PBXBuildFile; fileRef = E459BF2B261043FD00530A6B /* StoryPromptEntry.swift */; };
		E459BF312615ACA600530A6B /* StoryPromptViewController.swift in Sources */ = {isa = PBXBuildFile; fileRef = E459BF302615ACA600530A6B /* StoryPromptViewController.swift */; };
/* End PBXBuildFile section */

/* Begin PBXFileReference section */
		E459BF11260F7DA900530A6B /* StoryPrompt.app */ = {isa = PBXFileReference; explicitFileType = wrapper.application; includeInIndex = 0; path = StoryPrompt.app; sourceTree = BUILT_PRODUCTS_DIR; };
		E459BF14260F7DA900530A6B /* AppDelegate.swift */ = {isa = PBXFileReference; lastKnownFileType = sourcecode.swift; path = AppDelegate.swift; sourceTree = "<group>"; };
		E459BF16260F7DA900530A6B /* SceneDelegate.swift */ = {isa = PBXFileReference; lastKnownFileType = sourcecode.swift; path = SceneDelegate.swift; sourceTree = "<group>"; };
		E459BF18260F7DA900530A6B /* AddStoryPromptViewController.swift */ = {isa = PBXFileReference; lastKnownFileType = sourcecode.swift; path = AddStoryPromptViewController.swift; sourceTree = "<group>"; };
		E459BF1B260F7DA900530A6B /* Base */ = {isa = PBXFileReference; lastKnownFileType = file.storyboard; name = Base; path = Base.lproj/Main.storyboard; sourceTree = "<group>"; };
		E459BF1D260F7DAC00530A6B /* Assets.xcassets */ = {isa = PBXFileReference; lastKnownFileType = folder.assetcatalog; path = Assets.xcassets; sourceTree = "<group>"; };
		E459BF20260F7DAC00530A6B /* Base */ = {isa = PBXFileReference; lastKnownFileType = file.storyboard; name = Base; path = Base.lproj/LaunchScreen.storyboard; sourceTree = "<group>"; };
		E459BF22260F7DAC00530A6B /* Info.plist */ = {isa = PBXFileReference; lastKnownFileType = text.plist.xml; path = Info.plist; sourceTree = "<group>"; };
		E459BF2A261043FD00530A6B /* StoryPrompts.swift */ = {isa = PBXFileReference; fileEncoding = 4; lastKnownFileType = sourcecode.swift; name = StoryPrompts.swift; path = "../../../video-ukf-materials/02-meet-the-view-controller/starter/StoryPrompts.swift"; sourceTree = "<group>"; };
		E459BF2B261043FD00530A6B /* StoryPromptEntry.swift */ = {isa = PBXFileReference; fileEncoding = 4; lastKnownFileType = sourcecode.swift; name = StoryPromptEntry.swift; path = "../../../video-ukf-materials/02-meet-the-view-controller/starter/StoryPromptEntry.swift"; sourceTree = "<group>"; };
		E459BF302615ACA600530A6B /* StoryPromptViewController.swift */ = {isa = PBXFileReference; lastKnownFileType = sourcecode.swift; path = StoryPromptViewController.swift; sourceTree = "<group>"; };
/* End PBXFileReference section */

/* Begin PBXFrameworksBuildPhase section */
		E459BF0E260F7DA900530A6B /* Frameworks */ = {
			isa = PBXFrameworksBuildPhase;
			buildActionMask = 2147483647;
			files = (
			);
			runOnlyForDeploymentPostprocessing = 0;
		};
/* End PBXFrameworksBuildPhase section */

/* Begin PBXGroup section */
		E459BF08260F7DA900530A6B = {
			isa = PBXGroup;
			children = (
				E459BF13260F7DA900530A6B /* StoryPrompt */,
				E459BF12260F7DA900530A6B /* Products */,
			);
			sourceTree = "<group>";
		};
		E459BF12260F7DA900530A6B /* Products */ = {
			isa = PBXGroup;
			children = (
				E459BF11260F7DA900530A6B /* StoryPrompt.app */,
			);
			name = Products;
			sourceTree = "<group>";
		};
		E459BF13260F7DA900530A6B /* StoryPrompt */ = {
			isa = PBXGroup;
			children = (
				E459BF332615ACBA00530A6B /* View Controllers */,
				E459BF29261043A300530A6B /* Model */,
				E459BF14260F7DA900530A6B /* AppDelegate.swift */,
				E459BF16260F7DA900530A6B /* SceneDelegate.swift */,
				E459BF1A260F7DA900530A6B /* Main.storyboard */,
				E459BF1D260F7DAC00530A6B /* Assets.xcassets */,
				E459BF1F260F7DAC00530A6B /* LaunchScreen.storyboard */,
				E459BF22260F7DAC00530A6B /* Info.plist */,
			);
			path = StoryPrompt;
			sourceTree = "<group>";
		};
		E459BF29261043A300530A6B /* Model */ = {
			isa = PBXGroup;
			children = (
				E459BF2B261043FD00530A6B /* StoryPromptEntry.swift */,
				E459BF2A261043FD00530A6B /* StoryPrompts.swift */,
			);
			path = Model;
			sourceTree = "<group>";
		};
		E459BF332615ACBA00530A6B /* View Controllers */ = {
			isa = PBXGroup;
			children = (
				E459BF18260F7DA900530A6B /* AddStoryPromptViewController.swift */,
				E459BF302615ACA600530A6B /* StoryPromptViewController.swift */,
			);
			path = "View Controllers";
			sourceTree = "<group>";
		};
/* End PBXGroup section */

/* Begin PBXNativeTarget section */
		E459BF10260F7DA900530A6B /* StoryPrompt */ = {
			isa = PBXNativeTarget;
			buildConfigurationList = E459BF25260F7DAC00530A6B /* Build configuration list for PBXNativeTarget "StoryPrompt" */;
			buildPhases = (
				E459BF0D260F7DA900530A6B /* Sources */,
				E459BF0E260F7DA900530A6B /* Frameworks */,
				E459BF0F260F7DA900530A6B /* Resources */,
			);
			buildRules = (
			);
			dependencies = (
			);
			name = StoryPrompt;
			productName = StoryPrompt;
			productReference = E459BF11260F7DA900530A6B /* StoryPrompt.app */;
			productType = "com.apple.product-type.application";
		};
/* End PBXNativeTarget section */

/* Begin PBXProject section */
		E459BF09260F7DA900530A6B /* Project object */ = {
			isa = PBXProject;
			attributes = {
				LastSwiftUpdateCheck = 1240;
				LastUpgradeCheck = 1240;
				TargetAttributes = {
					E459BF10260F7DA900530A6B = {
						CreatedOnToolsVersion = 12.4;
					};
				};
			};
			buildConfigurationList = E459BF0C260F7DA900530A6B /* Build configuration list for PBXProject "StoryPrompt" */;
			compatibilityVersion = "Xcode 9.3";
			developmentRegion = en;
			hasScannedForEncodings = 0;
			knownRegions = (
				en,
				Base,
			);
			mainGroup = E459BF08260F7DA900530A6B;
			productRefGroup = E459BF12260F7DA900530A6B /* Products */;
			projectDirPath = "";
			projectRoot = "";
			targets = (
				E459BF10260F7DA900530A6B /* StoryPrompt */,
			);
		};
/* End PBXProject section */

/* Begin PBXResourcesBuildPhase section */
		E459BF0F260F7DA900530A6B /* Resources */ = {
			isa = PBXResourcesBuildPhase;
			buildActionMask = 2147483647;
			files = (
				E459BF21260F7DAC00530A6B /* LaunchScreen.storyboard in Resources */,
				E459BF1E260F7DAC00530A6B /* Assets.xcassets in Resources */,
				E459BF1C260F7DA900530A6B /* Main.storyboard in Resources */,
			);
			runOnlyForDeploymentPostprocessing = 0;
		};
/* End PBXResourcesBuildPhase section */

/* Begin PBXSourcesBuildPhase section */
		E459BF0D260F7DA900530A6B /* Sources */ = {
			isa = PBXSourcesBuildPhase;
			buildActionMask = 2147483647;
			files = (
				E459BF312615ACA600530A6B /* StoryPromptViewController.swift in Sources */,
				E459BF2D261043FD00530A6B /* StoryPromptEntry.swift in Sources */,
				E459BF19260F7DA900530A6B /* AddStoryPromptViewController.swift in Sources */,
				E459BF15260F7DA900530A6B /* AppDelegate.swift in Sources */,
				E459BF17260F7DA900530A6B /* SceneDelegate.swift in Sources */,
				E459BF2C261043FD00530A6B /* StoryPrompts.swift in Sources */,
			);
			runOnlyForDeploymentPostprocessing = 0;
		};
/* End PBXSourcesBuildPhase section */

/* Begin PBXVariantGroup section */
		E459BF1A260F7DA900530A6B /* Main.storyboard */ = {
			isa = PBXVariantGroup;
			children = (
				E459BF1B260F7DA900530A6B /* Base */,
			);
			name = Main.storyboard;
			sourceTree = "<group>";
		};
		E459BF1F260F7DAC00530A6B /* LaunchScreen.storyboard */ = {
			isa = PBXVariantGroup;
			children = (
				E459BF20260F7DAC00530A6B /* Base */,
			);
			name = LaunchScreen.storyboard;
			sourceTree = "<group>";
		};
/* End PBXVariantGroup section */

/* Begin XCBuildConfiguration section */
		E459BF23260F7DAC00530A6B /* Debug */ = {
			isa = XCBuildConfiguration;
			buildSettings = {
				ALWAYS_SEARCH_USER_PATHS = NO;
				CLANG_ANALYZER_NONNULL = YES;
				CLANG_ANALYZER_NUMBER_OBJECT_CONVERSION = YES_AGGRESSIVE;
				CLANG_CXX_LANGUAGE_STANDARD = "gnu++14";
				CLANG_CXX_LIBRARY = "libc++";
				CLANG_ENABLE_MODULES = YES;
				CLANG_ENABLE_OBJC_ARC = YES;
				CLANG_ENABLE_OBJC_WEAK = YES;
				CLANG_WARN_BLOCK_CAPTURE_AUTORELEASING = YES;
				CLANG_WARN_BOOL_CONVERSION = YES;
				CLANG_WARN_COMMA = YES;
				CLANG_WARN_CONSTANT_CONVERSION = YES;
				CLANG_WARN_DEPRECATED_OBJC_IMPLEMENTATIONS = YES;
				CLANG_WARN_DIRECT_OBJC_ISA_USAGE = YES_ERROR;
				CLANG_WARN_DOCUMENTATION_COMMENTS = YES;
				CLANG_WARN_EMPTY_BODY = YES;
				CLANG_WARN_ENUM_CONVERSION = YES;
				CLANG_WARN_INFINITE_RECURSION = YES;
				CLANG_WARN_INT_CONVERSION = YES;
				CLANG_WARN_NON_LITERAL_NULL_CONVERSION = YES;
				CLANG_WARN_OBJC_IMPLICIT_RETAIN_SELF = YES;
				CLANG_WARN_OBJC_LITERAL_CONVERSION = YES;
				CLANG_WARN_OBJC_ROOT_CLASS = YES_ERROR;
				CLANG_WARN_QUOTED_INCLUDE_IN_FRAMEWORK_HEADER = YES;
				CLANG_WARN_RANGE_LOOP_ANALYSIS = YES;
				CLANG_WARN_STRICT_PROTOTYPES = YES;
				CLANG_WARN_SUSPICIOUS_MOVE = YES;
				CLANG_WARN_UNGUARDED_AVAILABILITY = YES_AGGRESSIVE;
				CLANG_WARN_UNREACHABLE_CODE = YES;
				CLANG_WARN__DUPLICATE_METHOD_MATCH = YES;
				COPY_PHASE_STRIP = NO;
				DEBUG_INFORMATION_FORMAT = dwarf;
				ENABLE_STRICT_OBJC_MSGSEND = YES;
				ENABLE_TESTABILITY = YES;
				GCC_C_LANGUAGE_STANDARD = gnu11;
				GCC_DYNAMIC_NO_PIC = NO;
				GCC_NO_COMMON_BLOCKS = YES;
				GCC_OPTIMIZATION_LEVEL = 0;
				GCC_PREPROCESSOR_DEFINITIONS = (
					"DEBUG=1",
					"$(inherited)",
				);
				GCC_WARN_64_TO_32_BIT_CONVERSION = YES;
				GCC_WARN_ABOUT_RETURN_TYPE = YES_ERROR;
				GCC_WARN_UNDECLARED_SELECTOR = YES;
				GCC_WARN_UNINITIALIZED_AUTOS = YES_AGGRESSIVE;
				GCC_WARN_UNUSED_FUNCTION = YES;
				GCC_WARN_UNUSED_VARIABLE = YES;
				IPHONEOS_DEPLOYMENT_TARGET = 14.4;
				MTL_ENABLE_DEBUG_INFO = INCLUDE_SOURCE;
				MTL_FAST_MATH = YES;
				ONLY_ACTIVE_ARCH = YES;
				SDKROOT = iphoneos;
				SWIFT_ACTIVE_COMPILATION_CONDITIONS = DEBUG;
				SWIFT_OPTIMIZATION_LEVEL = "-Onone";
			};
			name = Debug;
		};
		E459BF24260F7DAC00530A6B /* Release */ = {
			isa = XCBuildConfiguration;
			buildSettings = {
				ALWAYS_SEARCH_USER_PATHS = NO;
				CLANG_ANALYZER_NONNULL = YES;
				CLANG_ANALYZER_NUMBER_OBJECT_CONVERSION = YES_AGGRESSIVE;
				CLANG_CXX_LANGUAGE_STANDARD = "gnu++14";
				CLANG_CXX_LIBRARY = "libc++";
				CLANG_ENABLE_MODULES = YES;
				CLANG_ENABLE_OBJC_ARC = YES;
				CLANG_ENABLE_OBJC_WEAK = YES;
				CLANG_WARN_BLOCK_CAPTURE_AUTORELEASING = YES;
				CLANG_WARN_BOOL_CONVERSION = YES;
				CLANG_WARN_COMMA = YES;
				CLANG_WARN_CONSTANT_CONVERSION = YES;
				CLANG_WARN_DEPRECATED_OBJC_IMPLEMENTATIONS = YES;
				CLANG_WARN_DIRECT_OBJC_ISA_USAGE = YES_ERROR;
				CLANG_WARN_DOCUMENTATION_COMMENTS = YES;
				CLANG_WARN_EMPTY_BODY = YES;
				CLANG_WARN_ENUM_CONVERSION = YES;
				CLANG_WARN_INFINITE_RECURSION = YES;
				CLANG_WARN_INT_CONVERSION = YES;
				CLANG_WARN_NON_LITERAL_NULL_CONVERSION = YES;
				CLANG_WARN_OBJC_IMPLICIT_RETAIN_SELF = YES;
				CLANG_WARN_OBJC_LITERAL_CONVERSION = YES;
				CLANG_WARN_OBJC_ROOT_CLASS = YES_ERROR;
				CLANG_WARN_QUOTED_INCLUDE_IN_FRAMEWORK_HEADER = YES;
				CLANG_WARN_RANGE_LOOP_ANALYSIS = YES;
				CLANG_WARN_STRICT_PROTOTYPES = YES;
				CLANG_WARN_SUSPICIOUS_MOVE = YES;
				CLANG_WARN_UNGUARDED_AVAILABILITY = YES_AGGRESSIVE;
				CLANG_WARN_UNREACHABLE_CODE = YES;
				CLANG_WARN__DUPLICATE_METHOD_MATCH = YES;
				COPY_PHASE_STRIP = NO;
				DEBUG_INFORMATION_FORMAT = "dwarf-with-dsym";
				ENABLE_NS_ASSERTIONS = NO;
				ENABLE_STRICT_OBJC_MSGSEND = YES;
				GCC_C_LANGUAGE_STANDARD = gnu11;
				GCC_NO_COMMON_BLOCKS = YES;
				GCC_WARN_64_TO_32_BIT_CONVERSION = YES;
				GCC_WARN_ABOUT_RETURN_TYPE = YES_ERROR;
				GCC_WARN_UNDECLARED_SELECTOR = YES;
				GCC_WARN_UNINITIALIZED_AUTOS = YES_AGGRESSIVE;
				GCC_WARN_UNUSED_FUNCTION = YES;
				GCC_WARN_UNUSED_VARIABLE = YES;
				IPHONEOS_DEPLOYMENT_TARGET = 14.4;
				MTL_ENABLE_DEBUG_INFO = NO;
				MTL_FAST_MATH = YES;
				SDKROOT = iphoneos;
				SWIFT_COMPILATION_MODE = wholemodule;
				SWIFT_OPTIMIZATION_LEVEL = "-O";
				VALIDATE_PRODUCT = YES;
			};
			name = Release;
		};
		E459BF26260F7DAC00530A6B /* Debug */ = {
			isa = XCBuildConfiguration;
			buildSettings = {
				ASSETCATALOG_COMPILER_APPICON_NAME = AppIcon;
				ASSETCATALOG_COMPILER_GLOBAL_ACCENT_COLOR_NAME = AccentColor;
				CODE_SIGN_STYLE = Automatic;
				DEVELOPMENT_TEAM = 7LVVZX8RDM;
				INFOPLIST_FILE = StoryPrompt/Info.plist;
				LD_RUNPATH_SEARCH_PATHS = (
					"$(inherited)",
					"@executable_path/Frameworks",
				);
				PRODUCT_BUNDLE_IDENTIFIER = com.anna.StoryPrompt;
				PRODUCT_NAME = "$(TARGET_NAME)";
				SWIFT_VERSION = 5.0;
				TARGETED_DEVICE_FAMILY = "1,2";
			};
			name = Debug;
		};
		E459BF27260F7DAC00530A6B /* Release */ = {
			isa = XCBuildConfiguration;
			buildSettings = {
				ASSETCATALOG_COMPILER_APPICON_NAME = AppIcon;
				ASSETCATALOG_COMPILER_GLOBAL_ACCENT_COLOR_NAME = AccentColor;
				CODE_SIGN_STYLE = Automatic;
				DEVELOPMENT_TEAM = 7LVVZX8RDM;
				INFOPLIST_FILE = StoryPrompt/Info.plist;
				LD_RUNPATH_SEARCH_PATHS = (
					"$(inherited)",
					"@executable_path/Frameworks",
				);
				PRODUCT_BUNDLE_IDENTIFIER = com.anna.StoryPrompt;
				PRODUCT_NAME = "$(TARGET_NAME)";
				SWIFT_VERSION = 5.0;
				TARGETED_DEVICE_FAMILY = "1,2";
			};
			name = Release;
		};
/* End XCBuildConfiguration section */

/* Begin XCConfigurationList section */
		E459BF0C260F7DA900530A6B /* Build configuration list for PBXProject "StoryPrompt" */ = {
			isa = XCConfigurationList;
			buildConfigurations = (
				E459BF23260F7DAC00530A6B /* Debug */,
				E459BF24260F7DAC00530A6B /* Release */,
			);
			defaultConfigurationIsVisible = 0;
			defaultConfigurationName = Release;
		};
		E459BF25260F7DAC00530A6B /* Build configuration list for PBXNativeTarget "StoryPrompt" */ = {
			isa = XCConfigurationList;
			buildConfigurations = (
				E459BF26260F7DAC00530A6B /* Debug */,
				E459BF27260F7DAC00530A6B /* Release */,
			);
			defaultConfigurationIsVisible = 0;
			defaultConfigurationName = Release;
		};
/* End XCConfigurationList section */
	};
	rootObject = E459BF09260F7DA900530A6B /* Project object */;
}
