// !$*UTF8*$!
{
	archiveVersion = 1;
	classes = {
	};
	objectVersion = 50;
	objects = {

/* Begin PBXBuildFile section */
		66B0229D265CFE7A008F9553 /* AppDelegate.swift in Sources */ = {isa = PBXBuildFile; fileRef = 66B0229C265CFE7A008F9553 /* AppDelegate.swift */; };
		66B0229F265CFE7A008F9553 /* SceneDelegate.swift in Sources */ = {isa = PBXBuildFile; fileRef = 66B0229E265CFE7A008F9553 /* SceneDelegate.swift */; };
		66B022A1265CFE7A008F9553 /* ViewController.swift in Sources */ = {isa = PBXBuildFile; fileRef = 66B022A0265CFE7A008F9553 /* ViewController.swift */; };
		66B022A4265CFE7A008F9553 /* Main.storyboard in Resources */ = {isa = PBXBuildFile; fileRef = 66B022A2265CFE7A008F9553 /* Main.storyboard */; };
		66B022A6265CFE7C008F9553 /* Assets.xcassets in Resources */ = {isa = PBXBuildFile; fileRef = 66B022A5265CFE7C008F9553 /* Assets.xcassets */; };
		66B022A9265CFE7C008F9553 /* LaunchScreen.storyboard in Resources */ = {isa = PBXBuildFile; fileRef = 66B022A7265CFE7C008F9553 /* LaunchScreen.storyboard */; };
		66B022B4265CFE7C008F9553 /* AorBTests.swift in Sources */ = {isa = PBXBuildFile; fileRef = 66B022B3265CFE7C008F9553 /* AorBTests.swift */; };
		66B022BF265CFE7C008F9553 /* AorBUITests.swift in Sources */ = {isa = PBXBuildFile; fileRef = 66B022BE265CFE7C008F9553 /* AorBUITests.swift */; };
/* End PBXBuildFile section */

/* Begin PBXContainerItemProxy section */
		66B022B0265CFE7C008F9553 /* PBXContainerItemProxy */ = {
			isa = PBXContainerItemProxy;
			containerPortal = 66B02291265CFE7A008F9553 /* Project object */;
			proxyType = 1;
			remoteGlobalIDString = 66B02298265CFE7A008F9553;
			remoteInfo = AorB;
		};
		66B022BB265CFE7C008F9553 /* PBXContainerItemProxy */ = {
			isa = PBXContainerItemProxy;
			containerPortal = 66B02291265CFE7A008F9553 /* Project object */;
			proxyType = 1;
			remoteGlobalIDString = 66B02298265CFE7A008F9553;
			remoteInfo = AorB;
		};
/* End PBXContainerItemProxy section */

/* Begin PBXFileReference section */
		66B02299265CFE7A008F9553 /* AorB.app */ = {isa = PBXFileReference; explicitFileType = wrapper.application; includeInIndex = 0; path = AorB.app; sourceTree = BUILT_PRODUCTS_DIR; };
		66B0229C265CFE7A008F9553 /* AppDelegate.swift */ = {isa = PBXFileReference; lastKnownFileType = sourcecode.swift; path = AppDelegate.swift; sourceTree = "<group>"; };
		66B0229E265CFE7A008F9553 /* SceneDelegate.swift */ = {isa = PBXFileReference; lastKnownFileType = sourcecode.swift; path = SceneDelegate.swift; sourceTree = "<group>"; };
		66B022A0265CFE7A008F9553 /* ViewController.swift */ = {isa = PBXFileReference; lastKnownFileType = sourcecode.swift; path = ViewController.swift; sourceTree = "<group>"; };
		66B022A3265CFE7A008F9553 /* Base */ = {isa = PBXFileReference; lastKnownFileType = file.storyboard; name = Base; path = Base.lproj/Main.storyboard; sourceTree = "<group>"; };
		66B022A5265CFE7C008F9553 /* Assets.xcassets */ = {isa = PBXFileReference; lastKnownFileType = folder.assetcatalog; path = Assets.xcassets; sourceTree = "<group>"; };
		66B022A8265CFE7C008F9553 /* Base */ = {isa = PBXFileReference; lastKnownFileType = file.storyboard; name = Base; path = Base.lproj/LaunchScreen.storyboard; sourceTree = "<group>"; };
		66B022AA265CFE7C008F9553 /* Info.plist */ = {isa = PBXFileReference; lastKnownFileType = text.plist.xml; path = Info.plist; sourceTree = "<group>"; };
		66B022AF265CFE7C008F9553 /* AorBTests.xctest */ = {isa = PBXFileReference; explicitFileType = wrapper.cfbundle; includeInIndex = 0; path = AorBTests.xctest; sourceTree = BUILT_PRODUCTS_DIR; };
		66B022B3265CFE7C008F9553 /* AorBTests.swift */ = {isa = PBXFileReference; lastKnownFileType = sourcecode.swift; path = AorBTests.swift; sourceTree = "<group>"; };
		66B022B5265CFE7C008F9553 /* Info.plist */ = {isa = PBXFileReference; lastKnownFileType = text.plist.xml; path = Info.plist; sourceTree = "<group>"; };
		66B022BA265CFE7C008F9553 /* AorBUITests.xctest */ = {isa = PBXFileReference; explicitFileType = wrapper.cfbundle; includeInIndex = 0; path = AorBUITests.xctest; sourceTree = BUILT_PRODUCTS_DIR; };
		66B022BE265CFE7C008F9553 /* AorBUITests.swift */ = {isa = PBXFileReference; lastKnownFileType = sourcecode.swift; path = AorBUITests.swift; sourceTree = "<group>"; };
		66B022C0265CFE7C008F9553 /* Info.plist */ = {isa = PBXFileReference; lastKnownFileType = text.plist.xml; path = Info.plist; sourceTree = "<group>"; };
/* End PBXFileReference section */

/* Begin PBXFrameworksBuildPhase section */
		66B02296265CFE7A008F9553 /* Frameworks */ = {
			isa = PBXFrameworksBuildPhase;
			buildActionMask = 2147483647;
			files = (
			);
			runOnlyForDeploymentPostprocessing = 0;
		};
		66B022AC265CFE7C008F9553 /* Frameworks */ = {
			isa = PBXFrameworksBuildPhase;
			buildActionMask = 2147483647;
			files = (
			);
			runOnlyForDeploymentPostprocessing = 0;
		};
		66B022B7265CFE7C008F9553 /* Frameworks */ = {
			isa = PBXFrameworksBuildPhase;
			buildActionMask = 2147483647;
			files = (
			);
			runOnlyForDeploymentPostprocessing = 0;
		};
/* End PBXFrameworksBuildPhase section */

/* Begin PBXGroup section */
		66B02290265CFE7A008F9553 = {
			isa = PBXGroup;
			children = (
				66B0229B265CFE7A008F9553 /* AorB */,
				66B022B2265CFE7C008F9553 /* AorBTests */,
				66B022BD265CFE7C008F9553 /* AorBUITests */,
				66B0229A265CFE7A008F9553 /* Products */,
			);
			sourceTree = "<group>";
		};
		66B0229A265CFE7A008F9553 /* Products */ = {
			isa = PBXGroup;
			children = (
				66B02299265CFE7A008F9553 /* AorB.app */,
				66B022AF265CFE7C008F9553 /* AorBTests.xctest */,
				66B022BA265CFE7C008F9553 /* AorBUITests.xctest */,
			);
			name = Products;
			sourceTree = "<group>";
		};
		66B0229B265CFE7A008F9553 /* AorB */ = {
			isa = PBXGroup;
			children = (
				66B0229C265CFE7A008F9553 /* AppDelegate.swift */,
				66B0229E265CFE7A008F9553 /* SceneDelegate.swift */,
				66B022A0265CFE7A008F9553 /* ViewController.swift */,
				66B022A2265CFE7A008F9553 /* Main.storyboard */,
				66B022A5265CFE7C008F9553 /* Assets.xcassets */,
				66B022A7265CFE7C008F9553 /* LaunchScreen.storyboard */,
				66B022AA265CFE7C008F9553 /* Info.plist */,
			);
			path = AorB;
			sourceTree = "<group>";
		};
		66B022B2265CFE7C008F9553 /* AorBTests */ = {
			isa = PBXGroup;
			children = (
				66B022B3265CFE7C008F9553 /* AorBTests.swift */,
				66B022B5265CFE7C008F9553 /* Info.plist */,
			);
			path = AorBTests;
			sourceTree = "<group>";
		};
		66B022BD265CFE7C008F9553 /* AorBUITests */ = {
			isa = PBXGroup;
			children = (
				66B022BE265CFE7C008F9553 /* AorBUITests.swift */,
				66B022C0265CFE7C008F9553 /* Info.plist */,
			);
			path = AorBUITests;
			sourceTree = "<group>";
		};
/* End PBXGroup section */

/* Begin PBXNativeTarget section */
		66B02298265CFE7A008F9553 /* AorB */ = {
			isa = PBXNativeTarget;
			buildConfigurationList = 66B022C3265CFE7C008F9553 /* Build configuration list for PBXNativeTarget "AorB" */;
			buildPhases = (
				66B02295265CFE7A008F9553 /* Sources */,
				66B02296265CFE7A008F9553 /* Frameworks */,
				66B02297265CFE7A008F9553 /* Resources */,
			);
			buildRules = (
			);
			dependencies = (
			);
			name = AorB;
			productName = AorB;
			productReference = 66B02299265CFE7A008F9553 /* AorB.app */;
			productType = "com.apple.product-type.application";
		};
		66B022AE265CFE7C008F9553 /* AorBTests */ = {
			isa = PBXNativeTarget;
			buildConfigurationList = 66B022C6265CFE7C008F9553 /* Build configuration list for PBXNativeTarget "AorBTests" */;
			buildPhases = (
				66B022AB265CFE7C008F9553 /* Sources */,
				66B022AC265CFE7C008F9553 /* Frameworks */,
				66B022AD265CFE7C008F9553 /* Resources */,
			);
			buildRules = (
			);
			dependencies = (
				66B022B1265CFE7C008F9553 /* PBXTargetDependency */,
			);
			name = AorBTests;
			productName = AorBTests;
			productReference = 66B022AF265CFE7C008F9553 /* AorBTests.xctest */;
			productType = "com.apple.product-type.bundle.unit-test";
		};
		66B022B9265CFE7C008F9553 /* AorBUITests */ = {
			isa = PBXNativeTarget;
			buildConfigurationList = 66B022C9265CFE7C008F9553 /* Build configuration list for PBXNativeTarget "AorBUITests" */;
			buildPhases = (
				66B022B6265CFE7C008F9553 /* Sources */,
				66B022B7265CFE7C008F9553 /* Frameworks */,
				66B022B8265CFE7C008F9553 /* Resources */,
			);
			buildRules = (
			);
			dependencies = (
				66B022BC265CFE7C008F9553 /* PBXTargetDependency */,
			);
			name = AorBUITests;
			productName = AorBUITests;
			productReference = 66B022BA265CFE7C008F9553 /* AorBUITests.xctest */;
			productType = "com.apple.product-type.bundle.ui-testing";
		};
/* End PBXNativeTarget section */

/* Begin PBXProject section */
		66B02291265CFE7A008F9553 /* Project object */ = {
			isa = PBXProject;
			attributes = {
				LastSwiftUpdateCheck = 1240;
				LastUpgradeCheck = 1240;
				TargetAttributes = {
					66B02298265CFE7A008F9553 = {
						CreatedOnToolsVersion = 12.4;
					};
					66B022AE265CFE7C008F9553 = {
						CreatedOnToolsVersion = 12.4;
						TestTargetID = 66B02298265CFE7A008F9553;
					};
					66B022B9265CFE7C008F9553 = {
						CreatedOnToolsVersion = 12.4;
						TestTargetID = 66B02298265CFE7A008F9553;
					};
				};
			};
			buildConfigurationList = 66B02294265CFE7A008F9553 /* Build configuration list for PBXProject "AorB" */;
			compatibilityVersion = "Xcode 9.3";
			developmentRegion = en;
			hasScannedForEncodings = 0;
			knownRegions = (
				en,
				Base,
			);
			mainGroup = 66B02290265CFE7A008F9553;
			productRefGroup = 66B0229A265CFE7A008F9553 /* Products */;
			projectDirPath = "";
			projectRoot = "";
			targets = (
				66B02298265CFE7A008F9553 /* AorB */,
				66B022AE265CFE7C008F9553 /* AorBTests */,
				66B022B9265CFE7C008F9553 /* AorBUITests */,
			);
		};
/* End PBXProject section */

/* Begin PBXResourcesBuildPhase section */
		66B02297265CFE7A008F9553 /* Resources */ = {
			isa = PBXResourcesBuildPhase;
			buildActionMask = 2147483647;
			files = (
				66B022A9265CFE7C008F9553 /* LaunchScreen.storyboard in Resources */,
				66B022A6265CFE7C008F9553 /* Assets.xcassets in Resources */,
				66B022A4265CFE7A008F9553 /* Main.storyboard in Resources */,
			);
			runOnlyForDeploymentPostprocessing = 0;
		};
		66B022AD265CFE7C008F9553 /* Resources */ = {
			isa = PBXResourcesBuildPhase;
			buildActionMask = 2147483647;
			files = (
			);
			runOnlyForDeploymentPostprocessing = 0;
		};
		66B022B8265CFE7C008F9553 /* Resources */ = {
			isa = PBXResourcesBuildPhase;
			buildActionMask = 2147483647;
			files = (
			);
			runOnlyForDeploymentPostprocessing = 0;
		};
/* End PBXResourcesBuildPhase section */

/* Begin PBXSourcesBuildPhase section */
		66B02295265CFE7A008F9553 /* Sources */ = {
			isa = PBXSourcesBuildPhase;
			buildActionMask = 2147483647;
			files = (
				66B022A1265CFE7A008F9553 /* ViewController.swift in Sources */,
				66B0229D265CFE7A008F9553 /* AppDelegate.swift in Sources */,
				66B0229F265CFE7A008F9553 /* SceneDelegate.swift in Sources */,
			);
			runOnlyForDeploymentPostprocessing = 0;
		};
		66B022AB265CFE7C008F9553 /* Sources */ = {
			isa = PBXSourcesBuildPhase;
			buildActionMask = 2147483647;
			files = (
				66B022B4265CFE7C008F9553 /* AorBTests.swift in Sources */,
			);
			runOnlyForDeploymentPostprocessing = 0;
		};
		66B022B6265CFE7C008F9553 /* Sources */ = {
			isa = PBXSourcesBuildPhase;
			buildActionMask = 2147483647;
			files = (
				66B022BF265CFE7C008F9553 /* AorBUITests.swift in Sources */,
			);
			runOnlyForDeploymentPostprocessing = 0;
		};
/* End PBXSourcesBuildPhase section */

/* Begin PBXTargetDependency section */
		66B022B1265CFE7C008F9553 /* PBXTargetDependency */ = {
			isa = PBXTargetDependency;
			target = 66B02298265CFE7A008F9553 /* AorB */;
			targetProxy = 66B022B0265CFE7C008F9553 /* PBXContainerItemProxy */;
		};
		66B022BC265CFE7C008F9553 /* PBXTargetDependency */ = {
			isa = PBXTargetDependency;
			target = 66B02298265CFE7A008F9553 /* AorB */;
			targetProxy = 66B022BB265CFE7C008F9553 /* PBXContainerItemProxy */;
		};
/* End PBXTargetDependency section */

/* Begin PBXVariantGroup section */
		66B022A2265CFE7A008F9553 /* Main.storyboard */ = {
			isa = PBXVariantGroup;
			children = (
				66B022A3265CFE7A008F9553 /* Base */,
			);
			name = Main.storyboard;
			sourceTree = "<group>";
		};
		66B022A7265CFE7C008F9553 /* LaunchScreen.storyboard */ = {
			isa = PBXVariantGroup;
			children = (
				66B022A8265CFE7C008F9553 /* Base */,
			);
			name = LaunchScreen.storyboard;
			sourceTree = "<group>";
		};
/* End PBXVariantGroup section */

/* Begin XCBuildConfiguration section */
		66B022C1265CFE7C008F9553 /* Debug */ = {
			isa = XCBuildConfiguration;
			buildSettings = {
				ALWAYS_SEARCH_USER_PATHS = NO;
				CLANG_ANALYZER_NONNULL = YES;
				CLANG_ANALYZER_NUMBER_OBJECT_CONVERSION = YES_AGGRESSIVE;
				CLANG_CXX_LANGUAGE_STANDARD = "gnu++14";
				CLANG_CXX_LIBRARY = "libc++";
				CLANG_ENABLE_MODULES = YES;
				CLANG_ENABLE_OBJC_ARC = YES;
				CLANG_ENABLE_OBJC_WEAK = YES;
				CLANG_WARN_BLOCK_CAPTURE_AUTORELEASING = YES;
				CLANG_WARN_BOOL_CONVERSION = YES;
				CLANG_WARN_COMMA = YES;
				CLANG_WARN_CONSTANT_CONVERSION = YES;
				CLANG_WARN_DEPRECATED_OBJC_IMPLEMENTATIONS = YES;
				CLANG_WARN_DIRECT_OBJC_ISA_USAGE = YES_ERROR;
				CLANG_WARN_DOCUMENTATION_COMMENTS = YES;
				CLANG_WARN_EMPTY_BODY = YES;
				CLANG_WARN_ENUM_CONVERSION = YES;
				CLANG_WARN_INFINITE_RECURSION = YES;
				CLANG_WARN_INT_CONVERSION = YES;
				CLANG_WARN_NON_LITERAL_NULL_CONVERSION = YES;
				CLANG_WARN_OBJC_IMPLICIT_RETAIN_SELF = YES;
				CLANG_WARN_OBJC_LITERAL_CONVERSION = YES;
				CLANG_WARN_OBJC_ROOT_CLASS = YES_ERROR;
				CLANG_WARN_QUOTED_INCLUDE_IN_FRAMEWORK_HEADER = YES;
				CLANG_WARN_RANGE_LOOP_ANALYSIS = YES;
				CLANG_WARN_STRICT_PROTOTYPES = YES;
				CLANG_WARN_SUSPICIOUS_MOVE = YES;
				CLANG_WARN_UNGUARDED_AVAILABILITY = YES_AGGRESSIVE;
				CLANG_WARN_UNREACHABLE_CODE = YES;
				CLANG_WARN__DUPLICATE_METHOD_MATCH = YES;
				COPY_PHASE_STRIP = NO;
				DEBUG_INFORMATION_FORMAT = dwarf;
				ENABLE_STRICT_OBJC_MSGSEND = YES;
				ENABLE_TESTABILITY = YES;
				GCC_C_LANGUAGE_STANDARD = gnu11;
				GCC_DYNAMIC_NO_PIC = NO;
				GCC_NO_COMMON_BLOCKS = YES;
				GCC_OPTIMIZATION_LEVEL = 0;
				GCC_PREPROCESSOR_DEFINITIONS = (
					"DEBUG=1",
					"$(inherited)",
				);
				GCC_WARN_64_TO_32_BIT_CONVERSION = YES;
				GCC_WARN_ABOUT_RETURN_TYPE = YES_ERROR;
				GCC_WARN_UNDECLARED_SELECTOR = YES;
				GCC_WARN_UNINITIALIZED_AUTOS = YES_AGGRESSIVE;
				GCC_WARN_UNUSED_FUNCTION = YES;
				GCC_WARN_UNUSED_VARIABLE = YES;
				IPHONEOS_DEPLOYMENT_TARGET = 14.4;
				MTL_ENABLE_DEBUG_INFO = INCLUDE_SOURCE;
				MTL_FAST_MATH = YES;
				ONLY_ACTIVE_ARCH = YES;
				SDKROOT = iphoneos;
				SWIFT_ACTIVE_COMPILATION_CONDITIONS = DEBUG;
				SWIFT_OPTIMIZATION_LEVEL = "-Onone";
			};
			name = Debug;
		};
		66B022C2265CFE7C008F9553 /* Release */ = {
			isa = XCBuildConfiguration;
			buildSettings = {
				ALWAYS_SEARCH_USER_PATHS = NO;
				CLANG_ANALYZER_NONNULL = YES;
				CLANG_ANALYZER_NUMBER_OBJECT_CONVERSION = YES_AGGRESSIVE;
				CLANG_CXX_LANGUAGE_STANDARD = "gnu++14";
				CLANG_CXX_LIBRARY = "libc++";
				CLANG_ENABLE_MODULES = YES;
				CLANG_ENABLE_OBJC_ARC = YES;
				CLANG_ENABLE_OBJC_WEAK = YES;
				CLANG_WARN_BLOCK_CAPTURE_AUTORELEASING = YES;
				CLANG_WARN_BOOL_CONVERSION = YES;
				CLANG_WARN_COMMA = YES;
				CLANG_WARN_CONSTANT_CONVERSION = YES;
				CLANG_WARN_DEPRECATED_OBJC_IMPLEMENTATIONS = YES;
				CLANG_WARN_DIRECT_OBJC_ISA_USAGE = YES_ERROR;
				CLANG_WARN_DOCUMENTATION_COMMENTS = YES;
				CLANG_WARN_EMPTY_BODY = YES;
				CLANG_WARN_ENUM_CONVERSION = YES;
				CLANG_WARN_INFINITE_RECURSION = YES;
				CLANG_WARN_INT_CONVERSION = YES;
				CLANG_WARN_NON_LITERAL_NULL_CONVERSION = YES;
				CLANG_WARN_OBJC_IMPLICIT_RETAIN_SELF = YES;
				CLANG_WARN_OBJC_LITERAL_CONVERSION = YES;
				CLANG_WARN_OBJC_ROOT_CLASS = YES_ERROR;
				CLANG_WARN_QUOTED_INCLUDE_IN_FRAMEWORK_HEADER = YES;
				CLANG_WARN_RANGE_LOOP_ANALYSIS = YES;
				CLANG_WARN_STRICT_PROTOTYPES = YES;
				CLANG_WARN_SUSPICIOUS_MOVE = YES;
				CLANG_WARN_UNGUARDED_AVAILABILITY = YES_AGGRESSIVE;
				CLANG_WARN_UNREACHABLE_CODE = YES;
				CLANG_WARN__DUPLICATE_METHOD_MATCH = YES;
				COPY_PHASE_STRIP = NO;
				DEBUG_INFORMATION_FORMAT = "dwarf-with-dsym";
				ENABLE_NS_ASSERTIONS = NO;
				ENABLE_STRICT_OBJC_MSGSEND = YES;
				GCC_C_LANGUAGE_STANDARD = gnu11;
				GCC_NO_COMMON_BLOCKS = YES;
				GCC_WARN_64_TO_32_BIT_CONVERSION = YES;
				GCC_WARN_ABOUT_RETURN_TYPE = YES_ERROR;
				GCC_WARN_UNDECLARED_SELECTOR = YES;
				GCC_WARN_UNINITIALIZED_AUTOS = YES_AGGRESSIVE;
				GCC_WARN_UNUSED_FUNCTION = YES;
				GCC_WARN_UNUSED_VARIABLE = YES;
				IPHONEOS_DEPLOYMENT_TARGET = 14.4;
				MTL_ENABLE_DEBUG_INFO = NO;
				MTL_FAST_MATH = YES;
				SDKROOT = iphoneos;
				SWIFT_COMPILATION_MODE = wholemodule;
				SWIFT_OPTIMIZATION_LEVEL = "-O";
				VALIDATE_PRODUCT = YES;
			};
			name = Release;
		};
		66B022C4265CFE7C008F9553 /* Debug */ = {
			isa = XCBuildConfiguration;
			buildSettings = {
				ASSETCATALOG_COMPILER_APPICON_NAME = AppIcon;
				ASSETCATALOG_COMPILER_GLOBAL_ACCENT_COLOR_NAME = AccentColor;
				CODE_SIGN_STYLE = Automatic;
				DEVELOPMENT_TEAM = 7LVVZX8RDM;
				INFOPLIST_FILE = AorB/Info.plist;
				LD_RUNPATH_SEARCH_PATHS = (
					"$(inherited)",
					"@executable_path/Frameworks",
				);
				PRODUCT_BUNDLE_IDENTIFIER = com.annopo.AorB;
				PRODUCT_NAME = "$(TARGET_NAME)";
				SWIFT_VERSION = 5.0;
				TARGETED_DEVICE_FAMILY = "1,2";
			};
			name = Debug;
		};
		66B022C5265CFE7C008F9553 /* Release */ = {
			isa = XCBuildConfiguration;
			buildSettings = {
				ASSETCATALOG_COMPILER_APPICON_NAME = AppIcon;
				ASSETCATALOG_COMPILER_GLOBAL_ACCENT_COLOR_NAME = AccentColor;
				CODE_SIGN_STYLE = Automatic;
				DEVELOPMENT_TEAM = 7LVVZX8RDM;
				INFOPLIST_FILE = AorB/Info.plist;
				LD_RUNPATH_SEARCH_PATHS = (
					"$(inherited)",
					"@executable_path/Frameworks",
				);
				PRODUCT_BUNDLE_IDENTIFIER = com.annopo.AorB;
				PRODUCT_NAME = "$(TARGET_NAME)";
				SWIFT_VERSION = 5.0;
				TARGETED_DEVICE_FAMILY = "1,2";
			};
			name = Release;
		};
		66B022C7265CFE7C008F9553 /* Debug */ = {
			isa = XCBuildConfiguration;
			buildSettings = {
				ALWAYS_EMBED_SWIFT_STANDARD_LIBRARIES = YES;
				BUNDLE_LOADER = "$(TEST_HOST)";
				CODE_SIGN_STYLE = Automatic;
				DEVELOPMENT_TEAM = 7LVVZX8RDM;
				INFOPLIST_FILE = AorBTests/Info.plist;
				IPHONEOS_DEPLOYMENT_TARGET = 14.4;
				LD_RUNPATH_SEARCH_PATHS = (
					"$(inherited)",
					"@executable_path/Frameworks",
					"@loader_path/Frameworks",
				);
				PRODUCT_BUNDLE_IDENTIFIER = com.annopo.AorBTests;
				PRODUCT_NAME = "$(TARGET_NAME)";
				SWIFT_VERSION = 5.0;
				TARGETED_DEVICE_FAMILY = "1,2";
				TEST_HOST = "$(BUILT_PRODUCTS_DIR)/AorB.app/AorB";
			};
			name = Debug;
		};
		66B022C8265CFE7C008F9553 /* Release */ = {
			isa = XCBuildConfiguration;
			buildSettings = {
				ALWAYS_EMBED_SWIFT_STANDARD_LIBRARIES = YES;
				BUNDLE_LOADER = "$(TEST_HOST)";
				CODE_SIGN_STYLE = Automatic;
				DEVELOPMENT_TEAM = 7LVVZX8RDM;
				INFOPLIST_FILE = AorBTests/Info.plist;
				IPHONEOS_DEPLOYMENT_TARGET = 14.4;
				LD_RUNPATH_SEARCH_PATHS = (
					"$(inherited)",
					"@executable_path/Frameworks",
					"@loader_path/Frameworks",
				);
				PRODUCT_BUNDLE_IDENTIFIER = com.annopo.AorBTests;
				PRODUCT_NAME = "$(TARGET_NAME)";
				SWIFT_VERSION = 5.0;
				TARGETED_DEVICE_FAMILY = "1,2";
				TEST_HOST = "$(BUILT_PRODUCTS_DIR)/AorB.app/AorB";
			};
			name = Release;
		};
		66B022CA265CFE7C008F9553 /* Debug */ = {
			isa = XCBuildConfiguration;
			buildSettings = {
				ALWAYS_EMBED_SWIFT_STANDARD_LIBRARIES = YES;
				CODE_SIGN_STYLE = Automatic;
				DEVELOPMENT_TEAM = 7LVVZX8RDM;
				INFOPLIST_FILE = AorBUITests/Info.plist;
				LD_RUNPATH_SEARCH_PATHS = (
					"$(inherited)",
					"@executable_path/Frameworks",
					"@loader_path/Frameworks",
				);
				PRODUCT_BUNDLE_IDENTIFIER = com.annopo.AorBUITests;
				PRODUCT_NAME = "$(TARGET_NAME)";
				SWIFT_VERSION = 5.0;
				TARGETED_DEVICE_FAMILY = "1,2";
				TEST_TARGET_NAME = AorB;
			};
			name = Debug;
		};
		66B022CB265CFE7C008F9553 /* Release */ = {
			isa = XCBuildConfiguration;
			buildSettings = {
				ALWAYS_EMBED_SWIFT_STANDARD_LIBRARIES = YES;
				CODE_SIGN_STYLE = Automatic;
				DEVELOPMENT_TEAM = 7LVVZX8RDM;
				INFOPLIST_FILE = AorBUITests/Info.plist;
				LD_RUNPATH_SEARCH_PATHS = (
					"$(inherited)",
					"@executable_path/Frameworks",
					"@loader_path/Frameworks",
				);
				PRODUCT_BUNDLE_IDENTIFIER = com.annopo.AorBUITests;
				PRODUCT_NAME = "$(TARGET_NAME)";
				SWIFT_VERSION = 5.0;
				TARGETED_DEVICE_FAMILY = "1,2";
				TEST_TARGET_NAME = AorB;
			};
			name = Release;
		};
/* End XCBuildConfiguration section */

/* Begin XCConfigurationList section */
		66B02294265CFE7A008F9553 /* Build configuration list for PBXProject "AorB" */ = {
			isa = XCConfigurationList;
			buildConfigurations = (
				66B022C1265CFE7C008F9553 /* Debug */,
				66B022C2265CFE7C008F9553 /* Release */,
			);
			defaultConfigurationIsVisible = 0;
			defaultConfigurationName = Release;
		};
		66B022C3265CFE7C008F9553 /* Build configuration list for PBXNativeTarget "AorB" */ = {
			isa = XCConfigurationList;
			buildConfigurations = (
				66B022C4265CFE7C008F9553 /* Debug */,
				66B022C5265CFE7C008F9553 /* Release */,
			);
			defaultConfigurationIsVisible = 0;
			defaultConfigurationName = Release;
		};
		66B022C6265CFE7C008F9553 /* Build configuration list for PBXNativeTarget "AorBTests" */ = {
			isa = XCConfigurationList;
			buildConfigurations = (
				66B022C7265CFE7C008F9553 /* Debug */,
				66B022C8265CFE7C008F9553 /* Release */,
			);
			defaultConfigurationIsVisible = 0;
			defaultConfigurationName = Release;
		};
		66B022C9265CFE7C008F9553 /* Build configuration list for PBXNativeTarget "AorBUITests" */ = {
			isa = XCConfigurationList;
			buildConfigurations = (
				66B022CA265CFE7C008F9553 /* Debug */,
				66B022CB265CFE7C008F9553 /* Release */,
			);
			defaultConfigurationIsVisible = 0;
			defaultConfigurationName = Release;
		};
/* End XCConfigurationList section */
	};
	rootObject = 66B02291265CFE7A008F9553 /* Project object */;
}
