// !$*UTF8*$!
{
	archiveVersion = 1;
	classes = {
	};
	objectVersion = 50;
	objects = {

/* Begin PBXBuildFile section */
		E42884C725F75748007005EE /* BullseyeApp.swift in Sources */ = {isa = PBXBuildFile; fileRef = E42884C625F75748007005EE /* BullseyeApp.swift */; };
		E42884C925F75748007005EE /* ContentView.swift in Sources */ = {isa = PBXBuildFile; fileRef = E42884C825F75748007005EE /* ContentView.swift */; };
		E42884CB25F7574A007005EE /* Assets.xcassets in Resources */ = {isa = PBXBuildFile; fileRef = E42884CA25F7574A007005EE /* Assets.xcassets */; };
		E42884CE25F7574A007005EE /* Preview Assets.xcassets in Resources */ = {isa = PBXBuildFile; fileRef = E42884CD25F7574A007005EE /* Preview Assets.xcassets */; };
		E42884DD25F89612007005EE /* Game.swift in Sources */ = {isa = PBXBuildFile; fileRef = E42884DC25F89612007005EE /* Game.swift */; };
		E42884F925F8A20F007005EE /* BullseyeTests.swift in Sources */ = {isa = PBXBuildFile; fileRef = E42884F825F8A20F007005EE /* BullseyeTests.swift */; };
		E48E91262604958900692E4B /* TextViews.swift in Sources */ = {isa = PBXBuildFile; fileRef = E48E91252604958900692E4B /* TextViews.swift */; };
		E48E912A26058D4200692E4B /* Shapes.swift in Sources */ = {isa = PBXBuildFile; fileRef = E48E912926058D4200692E4B /* Shapes.swift */; };
		E48E912E260592AA00692E4B /* RoundViews.swift in Sources */ = {isa = PBXBuildFile; fileRef = E48E912D260592AA00692E4B /* RoundViews.swift */; };
		E48E91322605AC9800692E4B /* BackgroundView.swift in Sources */ = {isa = PBXBuildFile; fileRef = E48E91312605AC9800692E4B /* BackgroundView.swift */; };
		E48E9136260628C200692E4B /* PointsView.swift in Sources */ = {isa = PBXBuildFile; fileRef = E48E9135260628C200692E4B /* PointsView.swift */; };
		E48E913A26064C6100692E4B /* Constants.swift in Sources */ = {isa = PBXBuildFile; fileRef = E48E913926064C6100692E4B /* Constants.swift */; };
/* End PBXBuildFile section */

/* Begin PBXContainerItemProxy section */
		E42884FB25F8A20F007005EE /* PBXContainerItemProxy */ = {
			isa = PBXContainerItemProxy;
			containerPortal = E42884BB25F75748007005EE /* Project object */;
			proxyType = 1;
			remoteGlobalIDString = E42884C225F75748007005EE;
			remoteInfo = Bullseye;
		};
/* End PBXContainerItemProxy section */

/* Begin PBXFileReference section */
		E42884C325F75748007005EE /* Bullseye.app */ = {isa = PBXFileReference; explicitFileType = wrapper.application; includeInIndex = 0; path = Bullseye.app; sourceTree = BUILT_PRODUCTS_DIR; };
		E42884C625F75748007005EE /* BullseyeApp.swift */ = {isa = PBXFileReference; lastKnownFileType = sourcecode.swift; path = BullseyeApp.swift; sourceTree = "<group>"; };
		E42884C825F75748007005EE /* ContentView.swift */ = {isa = PBXFileReference; lastKnownFileType = sourcecode.swift; path = ContentView.swift; sourceTree = "<group>"; };
		E42884CA25F7574A007005EE /* Assets.xcassets */ = {isa = PBXFileReference; lastKnownFileType = folder.assetcatalog; path = Assets.xcassets; sourceTree = "<group>"; };
		E42884CD25F7574A007005EE /* Preview Assets.xcassets */ = {isa = PBXFileReference; lastKnownFileType = folder.assetcatalog; path = "Preview Assets.xcassets"; sourceTree = "<group>"; };
		E42884CF25F7574A007005EE /* Info.plist */ = {isa = PBXFileReference; lastKnownFileType = text.plist.xml; path = Info.plist; sourceTree = "<group>"; };
		E42884DC25F89612007005EE /* Game.swift */ = {isa = PBXFileReference; lastKnownFileType = sourcecode.swift; path = Game.swift; sourceTree = "<group>"; };
		E42884F625F8A20F007005EE /* BullseyeTests.xctest */ = {isa = PBXFileReference; explicitFileType = wrapper.cfbundle; includeInIndex = 0; path = BullseyeTests.xctest; sourceTree = BUILT_PRODUCTS_DIR; };
		E42884F825F8A20F007005EE /* BullseyeTests.swift */ = {isa = PBXFileReference; lastKnownFileType = sourcecode.swift; path = BullseyeTests.swift; sourceTree = "<group>"; };
		E42884FA25F8A20F007005EE /* Info.plist */ = {isa = PBXFileReference; lastKnownFileType = text.plist.xml; path = Info.plist; sourceTree = "<group>"; };
		E48E91252604958900692E4B /* TextViews.swift */ = {isa = PBXFileReference; lastKnownFileType = sourcecode.swift; path = TextViews.swift; sourceTree = "<group>"; };
		E48E912926058D4200692E4B /* Shapes.swift */ = {isa = PBXFileReference; lastKnownFileType = sourcecode.swift; path = Shapes.swift; sourceTree = "<group>"; };
		E48E912D260592AA00692E4B /* RoundViews.swift */ = {isa = PBXFileReference; lastKnownFileType = sourcecode.swift; path = RoundViews.swift; sourceTree = "<group>"; };
		E48E91312605AC9800692E4B /* BackgroundView.swift */ = {isa = PBXFileReference; lastKnownFileType = sourcecode.swift; path = BackgroundView.swift; sourceTree = "<group>"; };
		E48E9135260628C200692E4B /* PointsView.swift */ = {isa = PBXFileReference; lastKnownFileType = sourcecode.swift; path = PointsView.swift; sourceTree = "<group>"; };
		E48E913926064C6100692E4B /* Constants.swift */ = {isa = PBXFileReference; lastKnownFileType = sourcecode.swift; path = Constants.swift; sourceTree = "<group>"; };
/* End PBXFileReference section */

/* Begin PBXFrameworksBuildPhase section */
		E42884C025F75748007005EE /* Frameworks */ = {
			isa = PBXFrameworksBuildPhase;
			buildActionMask = 2147483647;
			files = (
			);
			runOnlyForDeploymentPostprocessing = 0;
		};
		E42884F325F8A20F007005EE /* Frameworks */ = {
			isa = PBXFrameworksBuildPhase;
			buildActionMask = 2147483647;
			files = (
			);
			runOnlyForDeploymentPostprocessing = 0;
		};
/* End PBXFrameworksBuildPhase section */

/* Begin PBXGroup section */
		E42884BA25F75748007005EE = {
			isa = PBXGroup;
			children = (
				E42884C525F75748007005EE /* Bullseye */,
				E42884F725F8A20F007005EE /* BullseyeTests */,
				E42884C425F75748007005EE /* Products */,
			);
			sourceTree = "<group>";
		};
		E42884C425F75748007005EE /* Products */ = {
			isa = PBXGroup;
			children = (
				E42884C325F75748007005EE /* Bullseye.app */,
				E42884F625F8A20F007005EE /* BullseyeTests.xctest */,
			);
			name = Products;
			sourceTree = "<group>";
		};
		E42884C525F75748007005EE /* Bullseye */ = {
			isa = PBXGroup;
			children = (
				E42884D925F8953E007005EE /* App */,
				E42884D825F89524007005EE /* Views */,
				E42884D625F8950A007005EE /* Models */,
				E42884CC25F7574A007005EE /* Preview Content */,
			);
			path = Bullseye;
			sourceTree = "<group>";
		};
		E42884CC25F7574A007005EE /* Preview Content */ = {
			isa = PBXGroup;
			children = (
				E42884CD25F7574A007005EE /* Preview Assets.xcassets */,
			);
			path = "Preview Content";
			sourceTree = "<group>";
		};
		E42884D625F8950A007005EE /* Models */ = {
			isa = PBXGroup;
			children = (
				E42884DC25F89612007005EE /* Game.swift */,
				E48E913926064C6100692E4B /* Constants.swift */,
			);
			path = Models;
			sourceTree = "<group>";
		};
		E42884D825F89524007005EE /* Views */ = {
			isa = PBXGroup;
			children = (
				E42884C825F75748007005EE /* ContentView.swift */,
				E48E91252604958900692E4B /* TextViews.swift */,
				E48E912926058D4200692E4B /* Shapes.swift */,
				E48E912D260592AA00692E4B /* RoundViews.swift */,
				E48E91312605AC9800692E4B /* BackgroundView.swift */,
				E48E9135260628C200692E4B /* PointsView.swift */,
			);
			path = Views;
			sourceTree = "<group>";
		};
		E42884D925F8953E007005EE /* App */ = {
			isa = PBXGroup;
			children = (
				E42884C625F75748007005EE /* BullseyeApp.swift */,
				E42884CA25F7574A007005EE /* Assets.xcassets */,
				E42884CF25F7574A007005EE /* Info.plist */,
			);
			path = App;
			sourceTree = "<group>";
		};
		E42884F725F8A20F007005EE /* BullseyeTests */ = {
			isa = PBXGroup;
			children = (
				E42884F825F8A20F007005EE /* BullseyeTests.swift */,
				E42884FA25F8A20F007005EE /* Info.plist */,
			);
			path = BullseyeTests;
			sourceTree = "<group>";
		};
/* End PBXGroup section */

/* Begin PBXNativeTarget section */
		E42884C225F75748007005EE /* Bullseye */ = {
			isa = PBXNativeTarget;
			buildConfigurationList = E42884D225F7574A007005EE /* Build configuration list for PBXNativeTarget "Bullseye" */;
			buildPhases = (
				E42884BF25F75748007005EE /* Sources */,
				E42884C025F75748007005EE /* Frameworks */,
				E42884C125F75748007005EE /* Resources */,
			);
			buildRules = (
			);
			dependencies = (
			);
			name = Bullseye;
			productName = Bullseye;
			productReference = E42884C325F75748007005EE /* Bullseye.app */;
			productType = "com.apple.product-type.application";
		};
		E42884F525F8A20F007005EE /* BullseyeTests */ = {
			isa = PBXNativeTarget;
			buildConfigurationList = E42884FD25F8A20F007005EE /* Build configuration list for PBXNativeTarget "BullseyeTests" */;
			buildPhases = (
				E42884F225F8A20F007005EE /* Sources */,
				E42884F325F8A20F007005EE /* Frameworks */,
				E42884F425F8A20F007005EE /* Resources */,
			);
			buildRules = (
			);
			dependencies = (
				E42884FC25F8A20F007005EE /* PBXTargetDependency */,
			);
			name = BullseyeTests;
			productName = BullseyeTests;
			productReference = E42884F625F8A20F007005EE /* BullseyeTests.xctest */;
			productType = "com.apple.product-type.bundle.unit-test";
		};
/* End PBXNativeTarget section */

/* Begin PBXProject section */
		E42884BB25F75748007005EE /* Project object */ = {
			isa = PBXProject;
			attributes = {
				LastSwiftUpdateCheck = 1240;
				LastUpgradeCheck = 1240;
				TargetAttributes = {
					E42884C225F75748007005EE = {
						CreatedOnToolsVersion = 12.4;
					};
					E42884F525F8A20F007005EE = {
						CreatedOnToolsVersion = 12.4;
						TestTargetID = E42884C225F75748007005EE;
					};
				};
			};
			buildConfigurationList = E42884BE25F75748007005EE /* Build configuration list for PBXProject "Bullseye" */;
			compatibilityVersion = "Xcode 9.3";
			developmentRegion = en;
			hasScannedForEncodings = 0;
			knownRegions = (
				en,
				Base,
			);
			mainGroup = E42884BA25F75748007005EE;
			productRefGroup = E42884C425F75748007005EE /* Products */;
			projectDirPath = "";
			projectRoot = "";
			targets = (
				E42884C225F75748007005EE /* Bullseye */,
				E42884F525F8A20F007005EE /* BullseyeTests */,
			);
		};
/* End PBXProject section */

/* Begin PBXResourcesBuildPhase section */
		E42884C125F75748007005EE /* Resources */ = {
			isa = PBXResourcesBuildPhase;
			buildActionMask = 2147483647;
			files = (
				E42884CE25F7574A007005EE /* Preview Assets.xcassets in Resources */,
				E42884CB25F7574A007005EE /* Assets.xcassets in Resources */,
			);
			runOnlyForDeploymentPostprocessing = 0;
		};
		E42884F425F8A20F007005EE /* Resources */ = {
			isa = PBXResourcesBuildPhase;
			buildActionMask = 2147483647;
			files = (
			);
			runOnlyForDeploymentPostprocessing = 0;
		};
/* End PBXResourcesBuildPhase section */

/* Begin PBXSourcesBuildPhase section */
		E42884BF25F75748007005EE /* Sources */ = {
			isa = PBXSourcesBuildPhase;
			buildActionMask = 2147483647;
			files = (
				E42884C925F75748007005EE /* ContentView.swift in Sources */,
				E48E91262604958900692E4B /* TextViews.swift in Sources */,
				E48E912A26058D4200692E4B /* Shapes.swift in Sources */,
				E48E9136260628C200692E4B /* PointsView.swift in Sources */,
				E48E91322605AC9800692E4B /* BackgroundView.swift in Sources */,
				E42884DD25F89612007005EE /* Game.swift in Sources */,
				E48E913A26064C6100692E4B /* Constants.swift in Sources */,
				E42884C725F75748007005EE /* BullseyeApp.swift in Sources */,
				E48E912E260592AA00692E4B /* RoundViews.swift in Sources */,
			);
			runOnlyForDeploymentPostprocessing = 0;
		};
		E42884F225F8A20F007005EE /* Sources */ = {
			isa = PBXSourcesBuildPhase;
			buildActionMask = 2147483647;
			files = (
				E42884F925F8A20F007005EE /* BullseyeTests.swift in Sources */,
			);
			runOnlyForDeploymentPostprocessing = 0;
		};
/* End PBXSourcesBuildPhase section */

/* Begin PBXTargetDependency section */
		E42884FC25F8A20F007005EE /* PBXTargetDependency */ = {
			isa = PBXTargetDependency;
			target = E42884C225F75748007005EE /* Bullseye */;
			targetProxy = E42884FB25F8A20F007005EE /* PBXContainerItemProxy */;
		};
/* End PBXTargetDependency section */

/* Begin XCBuildConfiguration section */
		E42884D025F7574A007005EE /* Debug */ = {
			isa = XCBuildConfiguration;
			buildSettings = {
				ALWAYS_SEARCH_USER_PATHS = NO;
				CLANG_ANALYZER_NONNULL = YES;
				CLANG_ANALYZER_NUMBER_OBJECT_CONVERSION = YES_AGGRESSIVE;
				CLANG_CXX_LANGUAGE_STANDARD = "gnu++14";
				CLANG_CXX_LIBRARY = "libc++";
				CLANG_ENABLE_MODULES = YES;
				CLANG_ENABLE_OBJC_ARC = YES;
				CLANG_ENABLE_OBJC_WEAK = YES;
				CLANG_WARN_BLOCK_CAPTURE_AUTORELEASING = YES;
				CLANG_WARN_BOOL_CONVERSION = YES;
				CLANG_WARN_COMMA = YES;
				CLANG_WARN_CONSTANT_CONVERSION = YES;
				CLANG_WARN_DEPRECATED_OBJC_IMPLEMENTATIONS = YES;
				CLANG_WARN_DIRECT_OBJC_ISA_USAGE = YES_ERROR;
				CLANG_WARN_DOCUMENTATION_COMMENTS = YES;
				CLANG_WARN_EMPTY_BODY = YES;
				CLANG_WARN_ENUM_CONVERSION = YES;
				CLANG_WARN_INFINITE_RECURSION = YES;
				CLANG_WARN_INT_CONVERSION = YES;
				CLANG_WARN_NON_LITERAL_NULL_CONVERSION = YES;
				CLANG_WARN_OBJC_IMPLICIT_RETAIN_SELF = YES;
				CLANG_WARN_OBJC_LITERAL_CONVERSION = YES;
				CLANG_WARN_OBJC_ROOT_CLASS = YES_ERROR;
				CLANG_WARN_QUOTED_INCLUDE_IN_FRAMEWORK_HEADER = YES;
				CLANG_WARN_RANGE_LOOP_ANALYSIS = YES;
				CLANG_WARN_STRICT_PROTOTYPES = YES;
				CLANG_WARN_SUSPICIOUS_MOVE = YES;
				CLANG_WARN_UNGUARDED_AVAILABILITY = YES_AGGRESSIVE;
				CLANG_WARN_UNREACHABLE_CODE = YES;
				CLANG_WARN__DUPLICATE_METHOD_MATCH = YES;
				COPY_PHASE_STRIP = NO;
				DEBUG_INFORMATION_FORMAT = dwarf;
				ENABLE_STRICT_OBJC_MSGSEND = YES;
				ENABLE_TESTABILITY = YES;
				GCC_C_LANGUAGE_STANDARD = gnu11;
				GCC_DYNAMIC_NO_PIC = NO;
				GCC_NO_COMMON_BLOCKS = YES;
				GCC_OPTIMIZATION_LEVEL = 0;
				GCC_PREPROCESSOR_DEFINITIONS = (
					"DEBUG=1",
					"$(inherited)",
				);
				GCC_WARN_64_TO_32_BIT_CONVERSION = YES;
				GCC_WARN_ABOUT_RETURN_TYPE = YES_ERROR;
				GCC_WARN_UNDECLARED_SELECTOR = YES;
				GCC_WARN_UNINITIALIZED_AUTOS = YES_AGGRESSIVE;
				GCC_WARN_UNUSED_FUNCTION = YES;
				GCC_WARN_UNUSED_VARIABLE = YES;
				IPHONEOS_DEPLOYMENT_TARGET = 14.4;
				MTL_ENABLE_DEBUG_INFO = INCLUDE_SOURCE;
				MTL_FAST_MATH = YES;
				ONLY_ACTIVE_ARCH = YES;
				SDKROOT = iphoneos;
				SWIFT_ACTIVE_COMPILATION_CONDITIONS = DEBUG;
				SWIFT_OPTIMIZATION_LEVEL = "-Onone";
			};
			name = Debug;
		};
		E42884D125F7574A007005EE /* Release */ = {
			isa = XCBuildConfiguration;
			buildSettings = {
				ALWAYS_SEARCH_USER_PATHS = NO;
				CLANG_ANALYZER_NONNULL = YES;
				CLANG_ANALYZER_NUMBER_OBJECT_CONVERSION = YES_AGGRESSIVE;
				CLANG_CXX_LANGUAGE_STANDARD = "gnu++14";
				CLANG_CXX_LIBRARY = "libc++";
				CLANG_ENABLE_MODULES = YES;
				CLANG_ENABLE_OBJC_ARC = YES;
				CLANG_ENABLE_OBJC_WEAK = YES;
				CLANG_WARN_BLOCK_CAPTURE_AUTORELEASING = YES;
				CLANG_WARN_BOOL_CONVERSION = YES;
				CLANG_WARN_COMMA = YES;
				CLANG_WARN_CONSTANT_CONVERSION = YES;
				CLANG_WARN_DEPRECATED_OBJC_IMPLEMENTATIONS = YES;
				CLANG_WARN_DIRECT_OBJC_ISA_USAGE = YES_ERROR;
				CLANG_WARN_DOCUMENTATION_COMMENTS = YES;
				CLANG_WARN_EMPTY_BODY = YES;
				CLANG_WARN_ENUM_CONVERSION = YES;
				CLANG_WARN_INFINITE_RECURSION = YES;
				CLANG_WARN_INT_CONVERSION = YES;
				CLANG_WARN_NON_LITERAL_NULL_CONVERSION = YES;
				CLANG_WARN_OBJC_IMPLICIT_RETAIN_SELF = YES;
				CLANG_WARN_OBJC_LITERAL_CONVERSION = YES;
				CLANG_WARN_OBJC_ROOT_CLASS = YES_ERROR;
				CLANG_WARN_QUOTED_INCLUDE_IN_FRAMEWORK_HEADER = YES;
				CLANG_WARN_RANGE_LOOP_ANALYSIS = YES;
				CLANG_WARN_STRICT_PROTOTYPES = YES;
				CLANG_WARN_SUSPICIOUS_MOVE = YES;
				CLANG_WARN_UNGUARDED_AVAILABILITY = YES_AGGRESSIVE;
				CLANG_WARN_UNREACHABLE_CODE = YES;
				CLANG_WARN__DUPLICATE_METHOD_MATCH = YES;
				COPY_PHASE_STRIP = NO;
				DEBUG_INFORMATION_FORMAT = "dwarf-with-dsym";
				ENABLE_NS_ASSERTIONS = NO;
				ENABLE_STRICT_OBJC_MSGSEND = YES;
				GCC_C_LANGUAGE_STANDARD = gnu11;
				GCC_NO_COMMON_BLOCKS = YES;
				GCC_WARN_64_TO_32_BIT_CONVERSION = YES;
				GCC_WARN_ABOUT_RETURN_TYPE = YES_ERROR;
				GCC_WARN_UNDECLARED_SELECTOR = YES;
				GCC_WARN_UNINITIALIZED_AUTOS = YES_AGGRESSIVE;
				GCC_WARN_UNUSED_FUNCTION = YES;
				GCC_WARN_UNUSED_VARIABLE = YES;
				IPHONEOS_DEPLOYMENT_TARGET = 14.4;
				MTL_ENABLE_DEBUG_INFO = NO;
				MTL_FAST_MATH = YES;
				SDKROOT = iphoneos;
				SWIFT_COMPILATION_MODE = wholemodule;
				SWIFT_OPTIMIZATION_LEVEL = "-O";
				VALIDATE_PRODUCT = YES;
			};
			name = Release;
		};
		E42884D325F7574A007005EE /* Debug */ = {
			isa = XCBuildConfiguration;
			buildSettings = {
				ASSETCATALOG_COMPILER_APPICON_NAME = AppIcon;
				ASSETCATALOG_COMPILER_GLOBAL_ACCENT_COLOR_NAME = AccentColor;
				CODE_SIGN_STYLE = Automatic;
				DEVELOPMENT_ASSET_PATHS = "\"Bullseye/Preview Content\"";
				DEVELOPMENT_TEAM = 7LVVZX8RDM;
				ENABLE_PREVIEWS = YES;
				INFOPLIST_FILE = Bullseye/App/Info.plist;
				IPHONEOS_DEPLOYMENT_TARGET = 14.0;
				LD_RUNPATH_SEARCH_PATHS = (
					"$(inherited)",
					"@executable_path/Frameworks",
				);
				PRODUCT_BUNDLE_IDENTIFIER = com.anna.Bullseye;
				PRODUCT_NAME = "$(TARGET_NAME)";
				SWIFT_VERSION = 5.0;
				TARGETED_DEVICE_FAMILY = "1,2";
			};
			name = Debug;
		};
		E42884D425F7574A007005EE /* Release */ = {
			isa = XCBuildConfiguration;
			buildSettings = {
				ASSETCATALOG_COMPILER_APPICON_NAME = AppIcon;
				ASSETCATALOG_COMPILER_GLOBAL_ACCENT_COLOR_NAME = AccentColor;
				CODE_SIGN_STYLE = Automatic;
				DEVELOPMENT_ASSET_PATHS = "\"Bullseye/Preview Content\"";
				DEVELOPMENT_TEAM = 7LVVZX8RDM;
				ENABLE_PREVIEWS = YES;
				INFOPLIST_FILE = Bullseye/App/Info.plist;
				IPHONEOS_DEPLOYMENT_TARGET = 14.0;
				LD_RUNPATH_SEARCH_PATHS = (
					"$(inherited)",
					"@executable_path/Frameworks",
				);
				PRODUCT_BUNDLE_IDENTIFIER = com.anna.Bullseye;
				PRODUCT_NAME = "$(TARGET_NAME)";
				SWIFT_VERSION = 5.0;
				TARGETED_DEVICE_FAMILY = "1,2";
			};
			name = Release;
		};
		E42884FE25F8A20F007005EE /* Debug */ = {
			isa = XCBuildConfiguration;
			buildSettings = {
				BUNDLE_LOADER = "$(TEST_HOST)";
				CODE_SIGN_STYLE = Automatic;
				DEVELOPMENT_TEAM = 7LVVZX8RDM;
				INFOPLIST_FILE = BullseyeTests/Info.plist;
				LD_RUNPATH_SEARCH_PATHS = (
					"$(inherited)",
					"@executable_path/Frameworks",
					"@loader_path/Frameworks",
				);
				PRODUCT_BUNDLE_IDENTIFIER = com.anna.BullseyeTests;
				PRODUCT_NAME = "$(TARGET_NAME)";
				SWIFT_VERSION = 5.0;
				TARGETED_DEVICE_FAMILY = "1,2";
				TEST_HOST = "$(BUILT_PRODUCTS_DIR)/Bullseye.app/Bullseye";
			};
			name = Debug;
		};
		E42884FF25F8A20F007005EE /* Release */ = {
			isa = XCBuildConfiguration;
			buildSettings = {
				BUNDLE_LOADER = "$(TEST_HOST)";
				CODE_SIGN_STYLE = Automatic;
				DEVELOPMENT_TEAM = 7LVVZX8RDM;
				INFOPLIST_FILE = BullseyeTests/Info.plist;
				LD_RUNPATH_SEARCH_PATHS = (
					"$(inherited)",
					"@executable_path/Frameworks",
					"@loader_path/Frameworks",
				);
				PRODUCT_BUNDLE_IDENTIFIER = com.anna.BullseyeTests;
				PRODUCT_NAME = "$(TARGET_NAME)";
				SWIFT_VERSION = 5.0;
				TARGETED_DEVICE_FAMILY = "1,2";
				TEST_HOST = "$(BUILT_PRODUCTS_DIR)/Bullseye.app/Bullseye";
			};
			name = Release;
		};
/* End XCBuildConfiguration section */

/* Begin XCConfigurationList section */
		E42884BE25F75748007005EE /* Build configuration list for PBXProject "Bullseye" */ = {
			isa = XCConfigurationList;
			buildConfigurations = (
				E42884D025F7574A007005EE /* Debug */,
				E42884D125F7574A007005EE /* Release */,
			);
			defaultConfigurationIsVisible = 0;
			defaultConfigurationName = Release;
		};
		E42884D225F7574A007005EE /* Build configuration list for PBXNativeTarget "Bullseye" */ = {
			isa = XCConfigurationList;
			buildConfigurations = (
				E42884D325F7574A007005EE /* Debug */,
				E42884D425F7574A007005EE /* Release */,
			);
			defaultConfigurationIsVisible = 0;
			defaultConfigurationName = Release;
		};
		E42884FD25F8A20F007005EE /* Build configuration list for PBXNativeTarget "BullseyeTests" */ = {
			isa = XCConfigurationList;
			buildConfigurations = (
				E42884FE25F8A20F007005EE /* Debug */,
				E42884FF25F8A20F007005EE /* Release */,
			);
			defaultConfigurationIsVisible = 0;
			defaultConfigurationName = Release;
		};
/* End XCConfigurationList section */
	};
	rootObject = E42884BB25F75748007005EE /* Project object */;
}
