// !$*UTF8*$!
{
	archiveVersion = 1;
	classes = {
	};
	objectVersion = 50;
	objects = {

/* Begin PBXBuildFile section */
		E4247F8B25D7C35B009DB93D /* LandmarkRow.swift in Sources */ = {isa = PBXBuildFile; fileRef = E4247F8A25D7C35B009DB93D /* LandmarkRow.swift */; };
		E4247F8F25D8CED5009DB93D /* LandmarkList.swift in Sources */ = {isa = PBXBuildFile; fileRef = E4247F8E25D8CED5009DB93D /* LandmarkList.swift */; };
		E4247F9225D8D935009DB93D /* LandmarkDetail.swift in Sources */ = {isa = PBXBuildFile; fileRef = E4247F9125D8D935009DB93D /* LandmarkDetail.swift */; };
		E4247F9525DCEEC5009DB93D /* FavoriteButton.swift in Sources */ = {isa = PBXBuildFile; fileRef = E4247F9425DCEEC5009DB93D /* FavoriteButton.swift */; };
		E4247F9B25DCF873009DB93D /* HexagonParameters.swift in Sources */ = {isa = PBXBuildFile; fileRef = E4247F9A25DCF873009DB93D /* HexagonParameters.swift */; };
		E4247FA225DCFAE8009DB93D /* BadgeBackground.swift in Sources */ = {isa = PBXBuildFile; fileRef = E4247FA125DCFAE8009DB93D /* BadgeBackground.swift */; };
		E4247FA525DE4259009DB93D /* BadgeSymbol.swift in Sources */ = {isa = PBXBuildFile; fileRef = E4247FA425DE4259009DB93D /* BadgeSymbol.swift */; };
		E4247FA825DE437B009DB93D /* RotatedBadgeSymbol.swift in Sources */ = {isa = PBXBuildFile; fileRef = E4247FA725DE437B009DB93D /* RotatedBadgeSymbol.swift */; };
		E4247FAB25DE4458009DB93D /* Badge.swift in Sources */ = {isa = PBXBuildFile; fileRef = E4247FAA25DE4458009DB93D /* Badge.swift */; };
		E4247FAF25DE5145009DB93D /* hikeData.json in Resources */ = {isa = PBXBuildFile; fileRef = E4247FAE25DE5145009DB93D /* hikeData.json */; };
		E4247FB225DE516B009DB93D /* Hike.swift in Sources */ = {isa = PBXBuildFile; fileRef = E4247FB125DE516B009DB93D /* Hike.swift */; };
		E4247FB925DE51EA009DB93D /* GraphCapsule.swift in Sources */ = {isa = PBXBuildFile; fileRef = E4247FB525DE51EA009DB93D /* GraphCapsule.swift */; };
		E4247FBA25DE51EA009DB93D /* HikeGraph.swift in Sources */ = {isa = PBXBuildFile; fileRef = E4247FB625DE51EA009DB93D /* HikeGraph.swift */; };
		E4247FBB25DE51EA009DB93D /* HikeDetail.swift in Sources */ = {isa = PBXBuildFile; fileRef = E4247FB725DE51EA009DB93D /* HikeDetail.swift */; };
		E4247FBC25DE51EA009DB93D /* HikeView.swift in Sources */ = {isa = PBXBuildFile; fileRef = E4247FB825DE51EA009DB93D /* HikeView.swift */; };
		E4247FC025E125BF009DB93D /* CategoryHome.swift in Sources */ = {isa = PBXBuildFile; fileRef = E4247FBF25E125BF009DB93D /* CategoryHome.swift */; };
		E4247FC425E12D0C009DB93D /* CategoryRow.swift in Sources */ = {isa = PBXBuildFile; fileRef = E4247FC325E12D0C009DB93D /* CategoryRow.swift */; };
		E4247FC725E12F7B009DB93D /* CategoryItem.swift in Sources */ = {isa = PBXBuildFile; fileRef = E4247FC625E12F7B009DB93D /* CategoryItem.swift */; };
		E4247FCA25E3D631009DB93D /* Profile.swift in Sources */ = {isa = PBXBuildFile; fileRef = E4247FC925E3D631009DB93D /* Profile.swift */; };
		E4247FCE25E3D83F009DB93D /* ProfileHost.swift in Sources */ = {isa = PBXBuildFile; fileRef = E4247FCD25E3D83F009DB93D /* ProfileHost.swift */; };
		E4247FD225E3D8A8009DB93D /* ProfileSummary.swift in Sources */ = {isa = PBXBuildFile; fileRef = E4247FD125E3D8A8009DB93D /* ProfileSummary.swift */; };
		E4247FD525E3DAF5009DB93D /* HikeBadge.swift in Sources */ = {isa = PBXBuildFile; fileRef = E4247FD425E3DAF5009DB93D /* HikeBadge.swift */; };
		E43CA15525D7B35000AC094C /* landmarkData.json in Resources */ = {isa = PBXBuildFile; fileRef = E43CA15425D7B35000AC094C /* landmarkData.json */; };
		E43CA15825D7B38000AC094C /* Landmark.swift in Sources */ = {isa = PBXBuildFile; fileRef = E43CA15725D7B38000AC094C /* Landmark.swift */; };
		E43CA15B25D7B60900AC094C /* ModelData.swift in Sources */ = {isa = PBXBuildFile; fileRef = E43CA15A25D7B60900AC094C /* ModelData.swift */; };
		E487B2AE25E4E2B7002EDCEF /* ProfileEditor.swift in Sources */ = {isa = PBXBuildFile; fileRef = E487B2AD25E4E2B7002EDCEF /* ProfileEditor.swift */; };
		E488D96F25D529EE00918953 /* LandmarksApp.swift in Sources */ = {isa = PBXBuildFile; fileRef = E488D96E25D529EE00918953 /* LandmarksApp.swift */; };
		E488D97125D529EE00918953 /* ContentView.swift in Sources */ = {isa = PBXBuildFile; fileRef = E488D97025D529EE00918953 /* ContentView.swift */; };
		E488D97325D529EF00918953 /* Assets.xcassets in Resources */ = {isa = PBXBuildFile; fileRef = E488D97225D529EF00918953 /* Assets.xcassets */; };
		E488D97625D529EF00918953 /* Preview Assets.xcassets in Resources */ = {isa = PBXBuildFile; fileRef = E488D97525D529EF00918953 /* Preview Assets.xcassets */; };
		E488D98325D635B600918953 /* CircleImage.swift in Sources */ = {isa = PBXBuildFile; fileRef = E488D98225D635B600918953 /* CircleImage.swift */; };
		E488D98625D636F600918953 /* MapView.swift in Sources */ = {isa = PBXBuildFile; fileRef = E488D98525D636F600918953 /* MapView.swift */; };
/* End PBXBuildFile section */

/* Begin PBXFileReference section */
		E4247F8A25D7C35B009DB93D /* LandmarkRow.swift */ = {isa = PBXFileReference; lastKnownFileType = sourcecode.swift; path = LandmarkRow.swift; sourceTree = "<group>"; };
		E4247F8E25D8CED5009DB93D /* LandmarkList.swift */ = {isa = PBXFileReference; lastKnownFileType = sourcecode.swift; path = LandmarkList.swift; sourceTree = "<group>"; };
		E4247F9125D8D935009DB93D /* LandmarkDetail.swift */ = {isa = PBXFileReference; lastKnownFileType = sourcecode.swift; path = LandmarkDetail.swift; sourceTree = "<group>"; };
		E4247F9425DCEEC5009DB93D /* FavoriteButton.swift */ = {isa = PBXFileReference; lastKnownFileType = sourcecode.swift; path = FavoriteButton.swift; sourceTree = "<group>"; };
		E4247F9A25DCF873009DB93D /* HexagonParameters.swift */ = {isa = PBXFileReference; lastKnownFileType = sourcecode.swift; name = HexagonParameters.swift; path = Landmarks/Views/Badges/HexagonParameters.swift; sourceTree = SOURCE_ROOT; };
		E4247FA125DCFAE8009DB93D /* BadgeBackground.swift */ = {isa = PBXFileReference; lastKnownFileType = sourcecode.swift; path = BadgeBackground.swift; sourceTree = "<group>"; };
		E4247FA425DE4259009DB93D /* BadgeSymbol.swift */ = {isa = PBXFileReference; lastKnownFileType = sourcecode.swift; path = BadgeSymbol.swift; sourceTree = "<group>"; };
		E4247FA725DE437B009DB93D /* RotatedBadgeSymbol.swift */ = {isa = PBXFileReference; lastKnownFileType = sourcecode.swift; path = RotatedBadgeSymbol.swift; sourceTree = "<group>"; };
		E4247FAA25DE4458009DB93D /* Badge.swift */ = {isa = PBXFileReference; lastKnownFileType = sourcecode.swift; path = Badge.swift; sourceTree = "<group>"; };
		E4247FAE25DE5145009DB93D /* hikeData.json */ = {isa = PBXFileReference; fileEncoding = 4; lastKnownFileType = text.json; path = hikeData.json; sourceTree = "<group>"; };
		E4247FB125DE516B009DB93D /* Hike.swift */ = {isa = PBXFileReference; lastKnownFileType = sourcecode.swift; path = Hike.swift; sourceTree = "<group>"; };
		E4247FB525DE51EA009DB93D /* GraphCapsule.swift */ = {isa = PBXFileReference; fileEncoding = 4; lastKnownFileType = sourcecode.swift; path = GraphCapsule.swift; sourceTree = "<group>"; };
		E4247FB625DE51EA009DB93D /* HikeGraph.swift */ = {isa = PBXFileReference; fileEncoding = 4; lastKnownFileType = sourcecode.swift; path = HikeGraph.swift; sourceTree = "<group>"; };
		E4247FB725DE51EA009DB93D /* HikeDetail.swift */ = {isa = PBXFileReference; fileEncoding = 4; lastKnownFileType = sourcecode.swift; path = HikeDetail.swift; sourceTree = "<group>"; };
		E4247FB825DE51EA009DB93D /* HikeView.swift */ = {isa = PBXFileReference; fileEncoding = 4; lastKnownFileType = sourcecode.swift; path = HikeView.swift; sourceTree = "<group>"; };
		E4247FBF25E125BF009DB93D /* CategoryHome.swift */ = {isa = PBXFileReference; lastKnownFileType = sourcecode.swift; path = CategoryHome.swift; sourceTree = "<group>"; };
		E4247FC325E12D0C009DB93D /* CategoryRow.swift */ = {isa = PBXFileReference; lastKnownFileType = sourcecode.swift; path = CategoryRow.swift; sourceTree = "<group>"; };
		E4247FC625E12F7B009DB93D /* CategoryItem.swift */ = {isa = PBXFileReference; lastKnownFileType = sourcecode.swift; path = CategoryItem.swift; sourceTree = "<group>"; };
		E4247FC925E3D631009DB93D /* Profile.swift */ = {isa = PBXFileReference; lastKnownFileType = sourcecode.swift; path = Profile.swift; sourceTree = "<group>"; };
		E4247FCD25E3D83F009DB93D /* ProfileHost.swift */ = {isa = PBXFileReference; lastKnownFileType = sourcecode.swift; path = ProfileHost.swift; sourceTree = "<group>"; };
		E4247FD125E3D8A8009DB93D /* ProfileSummary.swift */ = {isa = PBXFileReference; lastKnownFileType = sourcecode.swift; path = ProfileSummary.swift; sourceTree = "<group>"; };
		E4247FD425E3DAF5009DB93D /* HikeBadge.swift */ = {isa = PBXFileReference; lastKnownFileType = sourcecode.swift; path = HikeBadge.swift; sourceTree = "<group>"; };
		E43CA15425D7B35000AC094C /* landmarkData.json */ = {isa = PBXFileReference; fileEncoding = 4; lastKnownFileType = text.json; path = landmarkData.json; sourceTree = "<group>"; };
		E43CA15725D7B38000AC094C /* Landmark.swift */ = {isa = PBXFileReference; lastKnownFileType = sourcecode.swift; path = Landmark.swift; sourceTree = "<group>"; };
		E43CA15A25D7B60900AC094C /* ModelData.swift */ = {isa = PBXFileReference; lastKnownFileType = sourcecode.swift; path = ModelData.swift; sourceTree = "<group>"; };
		E487B2AD25E4E2B7002EDCEF /* ProfileEditor.swift */ = {isa = PBXFileReference; lastKnownFileType = sourcecode.swift; path = ProfileEditor.swift; sourceTree = "<group>"; };
		E488D96B25D529EE00918953 /* Landmarks.app */ = {isa = PBXFileReference; explicitFileType = wrapper.application; includeInIndex = 0; path = Landmarks.app; sourceTree = BUILT_PRODUCTS_DIR; };
		E488D96E25D529EE00918953 /* LandmarksApp.swift */ = {isa = PBXFileReference; lastKnownFileType = sourcecode.swift; path = LandmarksApp.swift; sourceTree = "<group>"; };
		E488D97025D529EE00918953 /* ContentView.swift */ = {isa = PBXFileReference; lastKnownFileType = sourcecode.swift; path = ContentView.swift; sourceTree = "<group>"; };
		E488D97225D529EF00918953 /* Assets.xcassets */ = {isa = PBXFileReference; lastKnownFileType = folder.assetcatalog; path = Assets.xcassets; sourceTree = "<group>"; };
		E488D97525D529EF00918953 /* Preview Assets.xcassets */ = {isa = PBXFileReference; lastKnownFileType = folder.assetcatalog; path = "Preview Assets.xcassets"; sourceTree = "<group>"; };
		E488D97725D529EF00918953 /* Info.plist */ = {isa = PBXFileReference; lastKnownFileType = text.plist.xml; path = Info.plist; sourceTree = "<group>"; };
		E488D98225D635B600918953 /* CircleImage.swift */ = {isa = PBXFileReference; lastKnownFileType = sourcecode.swift; path = CircleImage.swift; sourceTree = "<group>"; };
		E488D98525D636F600918953 /* MapView.swift */ = {isa = PBXFileReference; lastKnownFileType = sourcecode.swift; path = MapView.swift; sourceTree = "<group>"; };
/* End PBXFileReference section */

/* Begin PBXFrameworksBuildPhase section */
		E488D96825D529EE00918953 /* Frameworks */ = {
			isa = PBXFrameworksBuildPhase;
			buildActionMask = 2147483647;
			files = (
			);
			runOnlyForDeploymentPostprocessing = 0;
		};
/* End PBXFrameworksBuildPhase section */

/* Begin PBXGroup section */
		E4247F8725D7B858009DB93D /* Views */ = {
			isa = PBXGroup;
			children = (
				E4247FCC25E3D812009DB93D /* Profiles */,
				E4247FBE25E1258D009DB93D /* Categories */,
				E4247FB425DE51EA009DB93D /* Hikes */,
				E488D97025D529EE00918953 /* ContentView.swift */,
				E4247F9725DCF13E009DB93D /* Landmarks */,
				E4247FAD25DE4681009DB93D /* Badges */,
				E4247F9825DCF15A009DB93D /* Helpers */,
			);
			path = Views;
			sourceTree = "<group>";
		};
		E4247F8825D7B8A7009DB93D /* Model */ = {
			isa = PBXGroup;
			children = (
				E43CA15A25D7B60900AC094C /* ModelData.swift */,
				E43CA15725D7B38000AC094C /* Landmark.swift */,
				E4247FB125DE516B009DB93D /* Hike.swift */,
				E4247FC925E3D631009DB93D /* Profile.swift */,
			);
			path = Model;
			sourceTree = "<group>";
		};
		E4247F8925D7B8D2009DB93D /* Resources */ = {
			isa = PBXGroup;
			children = (
				E4247FAE25DE5145009DB93D /* hikeData.json */,
				E43CA15425D7B35000AC094C /* landmarkData.json */,
			);
			path = Resources;
			sourceTree = "<group>";
		};
		E4247F9725DCF13E009DB93D /* Landmarks */ = {
			isa = PBXGroup;
			children = (
				E4247F8E25D8CED5009DB93D /* LandmarkList.swift */,
				E4247F8A25D7C35B009DB93D /* LandmarkRow.swift */,
				E4247F9125D8D935009DB93D /* LandmarkDetail.swift */,
			);
			path = Landmarks;
			sourceTree = "<group>";
		};
		E4247F9825DCF15A009DB93D /* Helpers */ = {
			isa = PBXGroup;
			children = (
				E488D98225D635B600918953 /* CircleImage.swift */,
				E488D98525D636F600918953 /* MapView.swift */,
				E4247F9425DCEEC5009DB93D /* FavoriteButton.swift */,
			);
			path = Helpers;
			sourceTree = "<group>";
		};
		E4247FAD25DE4681009DB93D /* Badges */ = {
			isa = PBXGroup;
			children = (
				E4247FAA25DE4458009DB93D /* Badge.swift */,
				E4247FA125DCFAE8009DB93D /* BadgeBackground.swift */,
				E4247FA425DE4259009DB93D /* BadgeSymbol.swift */,
				E4247FA725DE437B009DB93D /* RotatedBadgeSymbol.swift */,
				E4247F9A25DCF873009DB93D /* HexagonParameters.swift */,
			);
			path = Badges;
			sourceTree = "<group>";
		};
		E4247FB425DE51EA009DB93D /* Hikes */ = {
			isa = PBXGroup;
			children = (
				E4247FB525DE51EA009DB93D /* GraphCapsule.swift */,
				E4247FB625DE51EA009DB93D /* HikeGraph.swift */,
				E4247FB725DE51EA009DB93D /* HikeDetail.swift */,
				E4247FB825DE51EA009DB93D /* HikeView.swift */,
				E4247FD425E3DAF5009DB93D /* HikeBadge.swift */,
			);
			path = Hikes;
			sourceTree = "<group>";
		};
		E4247FBE25E1258D009DB93D /* Categories */ = {
			isa = PBXGroup;
			children = (
				E4247FBF25E125BF009DB93D /* CategoryHome.swift */,
				E4247FC325E12D0C009DB93D /* CategoryRow.swift */,
				E4247FC625E12F7B009DB93D /* CategoryItem.swift */,
			);
			path = Categories;
			sourceTree = "<group>";
		};
		E4247FCC25E3D812009DB93D /* Profiles */ = {
			isa = PBXGroup;
			children = (
				E4247FCD25E3D83F009DB93D /* ProfileHost.swift */,
				E4247FD125E3D8A8009DB93D /* ProfileSummary.swift */,
				E487B2AD25E4E2B7002EDCEF /* ProfileEditor.swift */,
			);
			path = Profiles;
			sourceTree = "<group>";
		};
		E488D96225D529EE00918953 = {
			isa = PBXGroup;
			children = (
				E488D96D25D529EE00918953 /* Landmarks */,
				E488D96C25D529EE00918953 /* Products */,
			);
			sourceTree = "<group>";
		};
		E488D96C25D529EE00918953 /* Products */ = {
			isa = PBXGroup;
			children = (
				E488D96B25D529EE00918953 /* Landmarks.app */,
			);
			name = Products;
			sourceTree = "<group>";
		};
		E488D96D25D529EE00918953 /* Landmarks */ = {
			isa = PBXGroup;
			children = (
				E488D96E25D529EE00918953 /* LandmarksApp.swift */,
				E4247F8725D7B858009DB93D /* Views */,
				E4247F8825D7B8A7009DB93D /* Model */,
				E4247F8925D7B8D2009DB93D /* Resources */,
				E488D97225D529EF00918953 /* Assets.xcassets */,
				E488D97725D529EF00918953 /* Info.plist */,
				E488D97425D529EF00918953 /* Preview Content */,
			);
			path = Landmarks;
			sourceTree = "<group>";
		};
		E488D97425D529EF00918953 /* Preview Content */ = {
			isa = PBXGroup;
			children = (
				E488D97525D529EF00918953 /* Preview Assets.xcassets */,
			);
			path = "Preview Content";
			sourceTree = "<group>";
		};
/* End PBXGroup section */

/* Begin PBXNativeTarget section */
		E488D96A25D529EE00918953 /* Landmarks */ = {
			isa = PBXNativeTarget;
			buildConfigurationList = E488D97A25D529EF00918953 /* Build configuration list for PBXNativeTarget "Landmarks" */;
			buildPhases = (
				E488D96725D529EE00918953 /* Sources */,
				E488D96825D529EE00918953 /* Frameworks */,
				E488D96925D529EE00918953 /* Resources */,
			);
			buildRules = (
			);
			dependencies = (
			);
			name = Landmarks;
			productName = Landmarks;
			productReference = E488D96B25D529EE00918953 /* Landmarks.app */;
			productType = "com.apple.product-type.application";
		};
/* End PBXNativeTarget section */

/* Begin PBXProject section */
		E488D96325D529EE00918953 /* Project object */ = {
			isa = PBXProject;
			attributes = {
				LastSwiftUpdateCheck = 1240;
				LastUpgradeCheck = 1240;
				TargetAttributes = {
					E488D96A25D529EE00918953 = {
						CreatedOnToolsVersion = 12.4;
					};
				};
			};
			buildConfigurationList = E488D96625D529EE00918953 /* Build configuration list for PBXProject "Landmarks" */;
			compatibilityVersion = "Xcode 9.3";
			developmentRegion = en;
			hasScannedForEncodings = 0;
			knownRegions = (
				en,
				Base,
			);
			mainGroup = E488D96225D529EE00918953;
			productRefGroup = E488D96C25D529EE00918953 /* Products */;
			projectDirPath = "";
			projectRoot = "";
			targets = (
				E488D96A25D529EE00918953 /* Landmarks */,
			);
		};
/* End PBXProject section */

/* Begin PBXResourcesBuildPhase section */
		E488D96925D529EE00918953 /* Resources */ = {
			isa = PBXResourcesBuildPhase;
			buildActionMask = 2147483647;
			files = (
				E4247FAF25DE5145009DB93D /* hikeData.json in Resources */,
				E488D97625D529EF00918953 /* Preview Assets.xcassets in Resources */,
				E488D97325D529EF00918953 /* Assets.xcassets in Resources */,
				E43CA15525D7B35000AC094C /* landmarkData.json in Resources */,
			);
			runOnlyForDeploymentPostprocessing = 0;
		};
/* End PBXResourcesBuildPhase section */

/* Begin PBXSourcesBuildPhase section */
		E488D96725D529EE00918953 /* Sources */ = {
			isa = PBXSourcesBuildPhase;
			buildActionMask = 2147483647;
			files = (
				E4247FC425E12D0C009DB93D /* CategoryRow.swift in Sources */,
				E4247FCA25E3D631009DB93D /* Profile.swift in Sources */,
				E488D97125D529EE00918953 /* ContentView.swift in Sources */,
				E4247FC025E125BF009DB93D /* CategoryHome.swift in Sources */,
				E4247FBA25DE51EA009DB93D /* HikeGraph.swift in Sources */,
				E4247FAB25DE4458009DB93D /* Badge.swift in Sources */,
				E488D98625D636F600918953 /* MapView.swift in Sources */,
				E4247FB925DE51EA009DB93D /* GraphCapsule.swift in Sources */,
				E488D96F25D529EE00918953 /* LandmarksApp.swift in Sources */,
				E4247F9525DCEEC5009DB93D /* FavoriteButton.swift in Sources */,
				E4247FC725E12F7B009DB93D /* CategoryItem.swift in Sources */,
				E4247FBB25DE51EA009DB93D /* HikeDetail.swift in Sources */,
				E4247FD225E3D8A8009DB93D /* ProfileSummary.swift in Sources */,
				E4247F9B25DCF873009DB93D /* HexagonParameters.swift in Sources */,
				E4247FCE25E3D83F009DB93D /* ProfileHost.swift in Sources */,
				E4247FB225DE516B009DB93D /* Hike.swift in Sources */,
				E4247FA825DE437B009DB93D /* RotatedBadgeSymbol.swift in Sources */,
				E4247FA525DE4259009DB93D /* BadgeSymbol.swift in Sources */,
				E487B2AE25E4E2B7002EDCEF /* ProfileEditor.swift in Sources */,
				E4247F8F25D8CED5009DB93D /* LandmarkList.swift in Sources */,
				E4247FBC25DE51EA009DB93D /* HikeView.swift in Sources */,
				E4247F9225D8D935009DB93D /* LandmarkDetail.swift in Sources */,
				E4247FA225DCFAE8009DB93D /* BadgeBackground.swift in Sources */,
				E4247FD525E3DAF5009DB93D /* HikeBadge.swift in Sources */,
				E488D98325D635B600918953 /* CircleImage.swift in Sources */,
				E43CA15825D7B38000AC094C /* Landmark.swift in Sources */,
				E4247F8B25D7C35B009DB93D /* LandmarkRow.swift in Sources */,
				E43CA15B25D7B60900AC094C /* ModelData.swift in Sources */,
			);
			runOnlyForDeploymentPostprocessing = 0;
		};
/* End PBXSourcesBuildPhase section */

/* Begin XCBuildConfiguration section */
		E488D97825D529EF00918953 /* Debug */ = {
			isa = XCBuildConfiguration;
			buildSettings = {
				ALWAYS_SEARCH_USER_PATHS = NO;
				CLANG_ANALYZER_NONNULL = YES;
				CLANG_ANALYZER_NUMBER_OBJECT_CONVERSION = YES_AGGRESSIVE;
				CLANG_CXX_LANGUAGE_STANDARD = "gnu++14";
				CLANG_CXX_LIBRARY = "libc++";
				CLANG_ENABLE_MODULES = YES;
				CLANG_ENABLE_OBJC_ARC = YES;
				CLANG_ENABLE_OBJC_WEAK = YES;
				CLANG_WARN_BLOCK_CAPTURE_AUTORELEASING = YES;
				CLANG_WARN_BOOL_CONVERSION = YES;
				CLANG_WARN_COMMA = YES;
				CLANG_WARN_CONSTANT_CONVERSION = YES;
				CLANG_WARN_DEPRECATED_OBJC_IMPLEMENTATIONS = YES;
				CLANG_WARN_DIRECT_OBJC_ISA_USAGE = YES_ERROR;
				CLANG_WARN_DOCUMENTATION_COMMENTS = YES;
				CLANG_WARN_EMPTY_BODY = YES;
				CLANG_WARN_ENUM_CONVERSION = YES;
				CLANG_WARN_INFINITE_RECURSION = YES;
				CLANG_WARN_INT_CONVERSION = YES;
				CLANG_WARN_NON_LITERAL_NULL_CONVERSION = YES;
				CLANG_WARN_OBJC_IMPLICIT_RETAIN_SELF = YES;
				CLANG_WARN_OBJC_LITERAL_CONVERSION = YES;
				CLANG_WARN_OBJC_ROOT_CLASS = YES_ERROR;
				CLANG_WARN_QUOTED_INCLUDE_IN_FRAMEWORK_HEADER = YES;
				CLANG_WARN_RANGE_LOOP_ANALYSIS = YES;
				CLANG_WARN_STRICT_PROTOTYPES = YES;
				CLANG_WARN_SUSPICIOUS_MOVE = YES;
				CLANG_WARN_UNGUARDED_AVAILABILITY = YES_AGGRESSIVE;
				CLANG_WARN_UNREACHABLE_CODE = YES;
				CLANG_WARN__DUPLICATE_METHOD_MATCH = YES;
				COPY_PHASE_STRIP = NO;
				DEBUG_INFORMATION_FORMAT = dwarf;
				ENABLE_STRICT_OBJC_MSGSEND = YES;
				ENABLE_TESTABILITY = YES;
				GCC_C_LANGUAGE_STANDARD = gnu11;
				GCC_DYNAMIC_NO_PIC = NO;
				GCC_NO_COMMON_BLOCKS = YES;
				GCC_OPTIMIZATION_LEVEL = 0;
				GCC_PREPROCESSOR_DEFINITIONS = (
					"DEBUG=1",
					"$(inherited)",
				);
				GCC_WARN_64_TO_32_BIT_CONVERSION = YES;
				GCC_WARN_ABOUT_RETURN_TYPE = YES_ERROR;
				GCC_WARN_UNDECLARED_SELECTOR = YES;
				GCC_WARN_UNINITIALIZED_AUTOS = YES_AGGRESSIVE;
				GCC_WARN_UNUSED_FUNCTION = YES;
				GCC_WARN_UNUSED_VARIABLE = YES;
				IPHONEOS_DEPLOYMENT_TARGET = 14.4;
				MTL_ENABLE_DEBUG_INFO = INCLUDE_SOURCE;
				MTL_FAST_MATH = YES;
				ONLY_ACTIVE_ARCH = YES;
				SDKROOT = iphoneos;
				SWIFT_ACTIVE_COMPILATION_CONDITIONS = DEBUG;
				SWIFT_OPTIMIZATION_LEVEL = "-Onone";
			};
			name = Debug;
		};
		E488D97925D529EF00918953 /* Release */ = {
			isa = XCBuildConfiguration;
			buildSettings = {
				ALWAYS_SEARCH_USER_PATHS = NO;
				CLANG_ANALYZER_NONNULL = YES;
				CLANG_ANALYZER_NUMBER_OBJECT_CONVERSION = YES_AGGRESSIVE;
				CLANG_CXX_LANGUAGE_STANDARD = "gnu++14";
				CLANG_CXX_LIBRARY = "libc++";
				CLANG_ENABLE_MODULES = YES;
				CLANG_ENABLE_OBJC_ARC = YES;
				CLANG_ENABLE_OBJC_WEAK = YES;
				CLANG_WARN_BLOCK_CAPTURE_AUTORELEASING = YES;
				CLANG_WARN_BOOL_CONVERSION = YES;
				CLANG_WARN_COMMA = YES;
				CLANG_WARN_CONSTANT_CONVERSION = YES;
				CLANG_WARN_DEPRECATED_OBJC_IMPLEMENTATIONS = YES;
				CLANG_WARN_DIRECT_OBJC_ISA_USAGE = YES_ERROR;
				CLANG_WARN_DOCUMENTATION_COMMENTS = YES;
				CLANG_WARN_EMPTY_BODY = YES;
				CLANG_WARN_ENUM_CONVERSION = YES;
				CLANG_WARN_INFINITE_RECURSION = YES;
				CLANG_WARN_INT_CONVERSION = YES;
				CLANG_WARN_NON_LITERAL_NULL_CONVERSION = YES;
				CLANG_WARN_OBJC_IMPLICIT_RETAIN_SELF = YES;
				CLANG_WARN_OBJC_LITERAL_CONVERSION = YES;
				CLANG_WARN_OBJC_ROOT_CLASS = YES_ERROR;
				CLANG_WARN_QUOTED_INCLUDE_IN_FRAMEWORK_HEADER = YES;
				CLANG_WARN_RANGE_LOOP_ANALYSIS = YES;
				CLANG_WARN_STRICT_PROTOTYPES = YES;
				CLANG_WARN_SUSPICIOUS_MOVE = YES;
				CLANG_WARN_UNGUARDED_AVAILABILITY = YES_AGGRESSIVE;
				CLANG_WARN_UNREACHABLE_CODE = YES;
				CLANG_WARN__DUPLICATE_METHOD_MATCH = YES;
				COPY_PHASE_STRIP = NO;
				DEBUG_INFORMATION_FORMAT = "dwarf-with-dsym";
				ENABLE_NS_ASSERTIONS = NO;
				ENABLE_STRICT_OBJC_MSGSEND = YES;
				GCC_C_LANGUAGE_STANDARD = gnu11;
				GCC_NO_COMMON_BLOCKS = YES;
				GCC_WARN_64_TO_32_BIT_CONVERSION = YES;
				GCC_WARN_ABOUT_RETURN_TYPE = YES_ERROR;
				GCC_WARN_UNDECLARED_SELECTOR = YES;
				GCC_WARN_UNINITIALIZED_AUTOS = YES_AGGRESSIVE;
				GCC_WARN_UNUSED_FUNCTION = YES;
				GCC_WARN_UNUSED_VARIABLE = YES;
				IPHONEOS_DEPLOYMENT_TARGET = 14.4;
				MTL_ENABLE_DEBUG_INFO = NO;
				MTL_FAST_MATH = YES;
				SDKROOT = iphoneos;
				SWIFT_COMPILATION_MODE = wholemodule;
				SWIFT_OPTIMIZATION_LEVEL = "-O";
				VALIDATE_PRODUCT = YES;
			};
			name = Release;
		};
		E488D97B25D529EF00918953 /* Debug */ = {
			isa = XCBuildConfiguration;
			buildSettings = {
				ASSETCATALOG_COMPILER_APPICON_NAME = AppIcon;
				ASSETCATALOG_COMPILER_GLOBAL_ACCENT_COLOR_NAME = AccentColor;
				CODE_SIGN_STYLE = Automatic;
				DEVELOPMENT_ASSET_PATHS = "\"Landmarks/Preview Content\"";
				DEVELOPMENT_TEAM = 7LVVZX8RDM;
				ENABLE_PREVIEWS = YES;
				INFOPLIST_FILE = Landmarks/Info.plist;
				IPHONEOS_DEPLOYMENT_TARGET = 14.0;
				LD_RUNPATH_SEARCH_PATHS = (
					"$(inherited)",
					"@executable_path/Frameworks",
				);
				PRODUCT_BUNDLE_IDENTIFIER = com.anna.Landmarks;
				PRODUCT_NAME = "$(TARGET_NAME)";
				SWIFT_VERSION = 5.0;
				TARGETED_DEVICE_FAMILY = "1,2";
			};
			name = Debug;
		};
		E488D97C25D529EF00918953 /* Release */ = {
			isa = XCBuildConfiguration;
			buildSettings = {
				ASSETCATALOG_COMPILER_APPICON_NAME = AppIcon;
				ASSETCATALOG_COMPILER_GLOBAL_ACCENT_COLOR_NAME = AccentColor;
				CODE_SIGN_STYLE = Automatic;
				DEVELOPMENT_ASSET_PATHS = "\"Landmarks/Preview Content\"";
				DEVELOPMENT_TEAM = 7LVVZX8RDM;
				ENABLE_PREVIEWS = YES;
				INFOPLIST_FILE = Landmarks/Info.plist;
				IPHONEOS_DEPLOYMENT_TARGET = 14.0;
				LD_RUNPATH_SEARCH_PATHS = (
					"$(inherited)",
					"@executable_path/Frameworks",
				);
				PRODUCT_BUNDLE_IDENTIFIER = com.anna.Landmarks;
				PRODUCT_NAME = "$(TARGET_NAME)";
				SWIFT_VERSION = 5.0;
				TARGETED_DEVICE_FAMILY = "1,2";
			};
			name = Release;
		};
/* End XCBuildConfiguration section */

/* Begin XCConfigurationList section */
		E488D96625D529EE00918953 /* Build configuration list for PBXProject "Landmarks" */ = {
			isa = XCConfigurationList;
			buildConfigurations = (
				E488D97825D529EF00918953 /* Debug */,
				E488D97925D529EF00918953 /* Release */,
			);
			defaultConfigurationIsVisible = 0;
			defaultConfigurationName = Release;
		};
		E488D97A25D529EF00918953 /* Build configuration list for PBXNativeTarget "Landmarks" */ = {
			isa = XCConfigurationList;
			buildConfigurations = (
				E488D97B25D529EF00918953 /* Debug */,
				E488D97C25D529EF00918953 /* Release */,
			);
			defaultConfigurationIsVisible = 0;
			defaultConfigurationName = Release;
		};
/* End XCConfigurationList section */
	};
	rootObject = E488D96325D529EE00918953 /* Project object */;
}
